{
  "name": "upgradable-app",
  "version": "1.0.0",
  "lockfileVersion": 1,
  "requires": true,
  "dependencies": {
    "yarn": {
      "version": "1.22.0",
      "resolved": "https://registry.npmjs.org/yarn/-/yarn-1.22.0.tgz",
      "integrity": "sha512-KMHP/Jq53jZKTY9iTUt3dIVl/be6UPs2INo96+BnZHLKxYNTfwMmlgHTaMWyGZoO74RI4AIFvnWhYrXq2USJkg=="
    }
  }
}
