{
  "name": "shallow-goof",
  "version": "0.0.1",
  "lockfileVersion": 1,
  "requires": true,
  "dependencies": {
    "node-uuid": {
      "version": "1.4.8",
      "resolved": "https://registry.npmjs.org/node-uuid/-/node-uuid-1.4.8.tgz",
      "integrity": "sha1-sEDrCSOWivq/jTL7HxfxFn/auQc="
    },
    "qs": {
      "version": "0.0.6",
      "resolved": "https://registry.npmjs.org/qs/-/qs-0.0.6.tgz",
      "integrity": "sha1-SBZZt+W/al6omAEN5a7TXrRp4SQ="
    }
  }
}
