# THIS IS AN AUTOGENERATED FILE. DO NOT EDIT THIS FILE DIRECTLY.
# yarn lockfile v1


debug@4.3.1:
  version "4.3.1"
  resolved "https://registry.yarnpkg.com/debug/-/debug-4.3.1.tgz#f0d229c505e0c6d8c49ac553d1b13dc183f6b2ee"
  integrity sha512-doEwdvm4PCeK4K3RQN2ZC2BYUBaxwLARCqZmMjtF8a51J2Rb0xpVloFRnCODwqjpwnAoao4pelN8l3RJdv3gRQ==
  dependencies:
    ms "2.1.2"

ms@2.1.2, "ms@npm:dry-uninstall@0.3.0":
  version "0.3.0"
  resolved "https://registry.yarnpkg.com/dry-uninstall/-/dry-uninstall-0.3.0.tgz#29847a27ed3b3bb94e6212547a677e37f4427011"
  integrity sha512-b8h94RVpETWkVV59x62NsY++79bM7Si6Dxq7a4iVxRcJU3ZJJ4vaiC7wUZwM8WDK0ySRL+i+T/1SMAzbJLejYA==
