# This file is autogenerated, do not edit; changes may be undone by the next 'dep ensure'.


[[projects]]
  name = "github.com/docker/docker"
  packages = ["pkg/longpath","pkg/mount","pkg/symlink","pkg/system","pkg/units"]
  revision = "a34a1d598c6096ed8b5ce5219e77d68e5cd85462"
  version = "v1.9.1"

[[projects]]
  name = "github.com/docker/libcontainer"
  packages = [".","cgroups","cgroups/fs","console","devices","label","mount","mount/nodes","netlink","network","selinux","system","utils"]
  revision = "53eca435e63db58b06cf796d3a9326db5fd42253"
  version = "v1.4.0"

[[projects]]
  name = "github.com/square/go-jose"
  packages = ["."]
  revision = "296c7f1463ec9b712176dc804dea0173d06dc728"
  version = "v2.0.1"

[[projects]]
  name = "gopkg.in/square/go-jose.v2"
  packages = ["cipher","json"]
  revision = "af13e1fbc7ac2df7f7eab54e5177104d546d0e9c"
  version = "v2.1.1"

[solve-meta]
  analyzer-name = "dep"
  analyzer-version = 1
  inputs-digest = "a9a6c0d93db226c403d46b492a423b42ec0d66baaa5bab8f4ea97dcb6a322132"
  solver-name = "gps-cdcl"
  solver-version = 1
