{
  "name": "alias-nested-deps-test",
  "version": "1.0.0",
  "lockfileVersion": 2,
  "requires": true,
  "packages": {
    "": {
      "name": "alias-nested-deps-test",
      "version": "1.0.0",
      "dependencies": {
        "lib-v3": "npm:@example/component-lib@3.0.0"
      }
    },
    "node_modules/lib-v3": {
      "name": "@example/component-lib",
      "version": "3.0.0",
      "resolved": "https://registry.npmjs.org/@example/component-lib/-/component-lib-3.0.0.tgz",
      "integrity": "sha512-abcdefghijklmnopqrstuvwxyz1234567890ABCDEFGHIJKLMNOP",
      "dependencies": {
        "@types/helper-lib": "^1.0.0",
        "lodash": "^4.17.21"
      }
    },
    "node_modules/lib-v3/node_modules/@types/helper-lib": {
      "version": "1.2.3",
      "resolved": "https://registry.npmjs.org/@types/helper-lib/-/helper-lib-1.2.3.tgz",
      "integrity": "sha512-abcdefghijklmnopqrstuvwxyz1234567890ABCDEFGHIJKLMNOP"
    },
    "node_modules/lodash": {
      "version": "4.17.21",
      "resolved": "https://registry.npmjs.org/lodash/-/lodash-4.17.21.tgz",
      "integrity": "sha512-v2kDEe57lecTulaDIuNTPy3Ry4gLGJ6Z1O3vE1krgXZNrsQ+LFTGHVxVjcXPs17LhbZVGedAJv8XZ1tvj5FvSg=="
    }
  },
  "dependencies": {
    "lib-v3": {
      "version": "npm:@example/component-lib@3.0.0",
      "resolved": "https://registry.npmjs.org/@example/component-lib/-/component-lib-3.0.0.tgz",
      "integrity": "sha512-abcdefghijklmnopqrstuvwxyz1234567890ABCDEFGHIJKLMNOP",
      "requires": {
        "@types/helper-lib": "^1.0.0",
        "lodash": "^4.17.21"
      },
      "dependencies": {
        "@types/helper-lib": {
          "version": "1.2.3",
          "resolved": "https://registry.npmjs.org/@types/helper-lib/-/helper-lib-1.2.3.tgz",
          "integrity": "sha512-abcdefghijklmnopqrstuvwxyz1234567890ABCDEFGHIJKLMNOP"
        }
      }
    },
    "lodash": {
      "version": "4.17.21",
      "resolved": "https://registry.npmjs.org/lodash/-/lodash-4.17.21.tgz",
      "integrity": "sha512-v2kDEe57lecTulaDIuNTPy3Ry4gLGJ6Z1O3vE1krgXZNrsQ+LFTGHVxVjcXPs17LhbZVGedAJv8XZ1tvj5FvSg=="
    }
  }
}
