{
  "name": "test",
  "version": "1.0.0",
  "lockfileVersion": 2,
  "requires": true,
  "packages": {
    "": {
      "name": "test",
      "version": "1.0.0",
      "dependencies": {
        "snyk": "^1.773.0"
      }
    },
    "node_modules/snyk": {
      "version": "1.778.0",
      "resolved": "https://registry.npmjs.org/snyk/-/snyk-1.778.0.tgz",
      "integrity": "sha512-jPC6OYKf4wc5GUyHzL0IyZTAEWE/sUHuOawEKFyoIECEwyPyEx+AYLjGYyloa0L++C2KZdYM5GXOaZzi0upUFA==",
      "bin": {
        "snyk": "bin/snyk"
      },
      "engines": {
        "node": ">=10"
      }
    }
  },
  "dependencies": {
    "snyk": {
      "version": "1.778.0",
      "resolved": "https://registry.npmjs.org/snyk/-/snyk-1.778.0.tgz",
      "integrity": "sha512-jPC6OYKf4wc5GUyHzL0IyZTAEWE/sUHuOawEKFyoIECEwyPyEx+AYLjGYyloa0L++C2KZdYM5GXOaZzi0upUFA=="
    }
  }
}
