# This file is generated by running "yarn install" inside your project.
# Manual changes might be lost - proceed with caution!

__metadata:
  version: 8
  cacheKey: 10

"lodash@npm:4.17.21":
  version: 4.17.21
  resolution: "lodash@npm:4.17.21"
  checksum: 10/c08619c038846ea6ac754abd6dd29d2568aa705feb69339e836dfa8d8b09abbb2f859371e86863eda41848221f9af43714491467b5b0299122431e202bb0c532
  languageName: node
  linkType: hard

"yarn-v2@workspace:.":
  version: 0.0.0-use.local
  resolution: "yarn-v2@workspace:."
  dependencies:
    lodash: "npm:4.17.21"
  languageName: unknown
  linkType: soft
