# Manual changes might be lost - proceed with caution!

__metadata:
  version: 4

"lodash@npm:4.17.0":
  version: 4.17.0
  resolution: "lodash@npm:4.17.0"
  checksum: 2/5788ffdb035914e6af0041e798016f8c87811a4910c2f45bb228f3a456fe6b095aba06e44b11a2a95ec3654cd6d2f26e541986e9dfb03a69c9b4eb776e9d0024
  languageName: node
  linkType: hard

"yarn-v2@workspace:.":
  version: 0.0.0-use.local
  resolution: "yarn-v2@workspace:."
  dependencies:
    lodash: 4.17.0
  languageName: unknown
  linkType: soft
