{
    "name": "script",
    "version": "1.0.0",
    "lockfileVersion": 1,
    "requires": true,
    "dependencies": {
        "hello-world-npm": {
            "version": "1.1.0",
            "resolved": "https://registry.npmjs.org/hello-world-npm/-/hello-world-npm-1.1.0.tgz",
            "integrity": "sha512-WvRhHlclxeXUhdGLtkwOoV9Zks6wlrL5FpM2Mtg3uEnTyfFaRwwrWDG8gi3tgdozwiYKNgBeO+jqLXGwfFIuFw=="
        },
        "hello-world-npm-v1_1_1": {
            "version": "npm:hello-world-npm@1.1.1",
            "resolved": "https://registry.npmjs.org/hello-world-npm/-/hello-world-npm-1.1.1.tgz",
            "integrity": "sha512-BlANCUuBixe7YT2IzCtNsSmVn6TY//X+bEUJWJpX+v8H4waUVaJ9qJiHhnu+YHqk2jrFsqQ4DioU2wD8+sNPLw=="
        }
    }
}
