{
    "comment-for-reader": "THIS TERRAFORM FILE REPRESENTS A REAL TF-PLAN OUTPUT FOR NEWLY CREATED INFRASTRUCTRE",
    "format_version": "0.1",
    "terraform_version": "0.15.0",
    "variables": {
      "aws_region": {
        "value": "eu-west-1"
      },
      "repo_url": {
        "value": "https://github.com/p0tr3c-terraform/terra-ci-single-account.git"
      },
      "serial_number": {
        "value": "000002"
      }
    },
    "planned_values": {
      "root_module": {
        "resources": [
          {
            "address": "aws_codebuild_project.terra_ci",
            "mode": "managed",
            "type": "aws_codebuild_project",
            "name": "terra_ci",
            "provider_name": "registry.terraform.io/hashicorp/aws",
            "schema_version": 0,
            "values": {
              "artifacts": [
                {
                  "artifact_identifier": null,
                  "encryption_disabled": false,
                  "location": "terra-ci-artifacts-eu-west-1-000002",
                  "name": null,
                  "namespace_type": null,
                  "override_artifact_name": false,
                  "packaging": null,
                  "path": null,
                  "type": "S3"
                }
              ],
              "badge_enabled": false,
              "build_timeout": 10,
              "cache": [],
              "description": "Deploy environment configuration",
              "environment": [
                {
                  "certificate": null,
                  "compute_type": "BUILD_GENERAL1_SMALL",
                  "environment_variable": [],
                  "image": "aws/codebuild/amazonlinux2-x86_64-standard:2.0",
                  "image_pull_credentials_type": "CODEBUILD",
                  "privileged_mode": false,
                  "registry_credential": [],
                  "type": "LINUX_CONTAINER"
                }
              ],
              "logs_config": [
                {
                  "cloudwatch_logs": [
                    {
                      "group_name": null,
                      "status": "ENABLED",
                      "stream_name": null
                    }
                  ],
                  "s3_logs": [
                    {
                      "encryption_disabled": false,
                      "location": null,
                      "status": "DISABLED"
                    }
                  ]
                }
              ],
              "name": "terra-ci-runner",
              "queued_timeout": 480,
              "secondary_artifacts": [],
              "secondary_sources": [],
              "source": [
                {
                  "auth": [],
                  "buildspec": "version: 0.2\nphases:\n  install:\n    commands:\n      - make install_tools\n  build:\n    commands:\n      - make plan_local resource=$TERRA_CI_RESOURCE\nartifacts:\n  files:\n    - ./tfplan\n  name: $TERRA_CI_BUILD_NAME\n\n",
                  "git_clone_depth": 1,
                  "git_submodules_config": [],
                  "insecure_ssl": false,
                  "location": "https://github.com/p0tr3c-terraform/terra-ci-single-account.git",
                  "report_build_status": false,
                  "type": "GITHUB"
                }
              ],
              "source_version": null,
              "tags": null,
              "vpc_config": []
            }
          },
          {
            "address": "aws_iam_role.terra_ci_job",
            "mode": "managed",
            "type": "aws_iam_role",
            "name": "terra_ci_job",
            "provider_name": "registry.terraform.io/hashicorp/aws",
            "schema_version": 0,
            "values": {
              "assume_role_policy": "{\n  \"Version\": \"2012-10-17\",\n  \"Statement\": [\n    {\n      \"Effect\": \"Allow\",\n      \"Principal\": {\n        \"Service\": \"codebuild.amazonaws.com\"\n      },\n      \"Action\": \"sts:AssumeRole\"\n    }\n  ]\n}\n",
              "description": null,
              "force_detach_policies": false,
              "max_session_duration": 3600,
              "name": "terra_ci_job",
              "name_prefix": null,
              "path": "/",
              "permissions_boundary": null,
              "tags": null
            }
          },
          {
            "address": "aws_iam_role.terra_ci_runner",
            "mode": "managed",
            "type": "aws_iam_role",
            "name": "terra_ci_runner",
            "provider_name": "registry.terraform.io/hashicorp/aws",
            "schema_version": 0,
            "values": {
              "assume_role_policy": "{\n  \"Version\": \"2012-10-17\",\n  \"Statement\": [\n    {\n      \"Effect\": \"Allow\",\n      \"Principal\": {\n        \"Service\": \"states.amazonaws.com\"\n      },\n      \"Action\": \"sts:AssumeRole\"\n    }\n  ]\n}\n",
              "description": null,
              "force_detach_policies": false,
              "max_session_duration": 3600,
              "name": "terra_ci_runner",
              "name_prefix": null,
              "path": "/",
              "permissions_boundary": null,
              "tags": null
            }
          },
          {
            "address": "aws_iam_role_policy.terra_ci_job",
            "mode": "managed",
            "type": "aws_iam_role_policy",
            "name": "terra_ci_job",
            "provider_name": "registry.terraform.io/hashicorp/aws",
            "schema_version": 0,
            "values": {
              "name_prefix": null,
              "role": "terra_ci_job"
            }
          },
          {
            "address": "aws_iam_role_policy.terra_ci_runner",
            "mode": "managed",
            "type": "aws_iam_role_policy",
            "name": "terra_ci_runner",
            "provider_name": "registry.terraform.io/hashicorp/aws",
            "schema_version": 0,
            "values": {
              "name_prefix": null,
              "role": "terra_ci_runner"
            }
          },
          {
            "address": "aws_iam_role_policy_attachment.terra_ci_job_ecr_access",
            "mode": "managed",
            "type": "aws_iam_role_policy_attachment",
            "name": "terra_ci_job_ecr_access",
            "provider_name": "registry.terraform.io/hashicorp/aws",
            "schema_version": 0,
            "values": {
              "policy_arn": "arn:aws:iam::aws:policy/AmazonEC2ContainerRegistryPowerUser",
              "role": "terra_ci_job"
            }
          },
          {
            "address": "aws_s3_bucket.terra_ci",
            "mode": "managed",
            "type": "aws_s3_bucket",
            "name": "terra_ci",
            "provider_name": "registry.terraform.io/hashicorp/aws",
            "schema_version": 0,
            "values": {
              "acl": "private",
              "bucket": "terra-ci-artifacts-eu-west-1-000002",
              "bucket_prefix": null,
              "cors_rule": [],
              "force_destroy": false,
              "grant": [],
              "lifecycle_rule": [],
              "logging": [],
              "object_lock_configuration": [],
              "policy": null,
              "replication_configuration": [],
              "server_side_encryption_configuration": [
                {
                  "rule": [
                    {
                      "apply_server_side_encryption_by_default": [
                        {
                          "kms_master_key_id": null,
                          "sse_algorithm": "aws:kms"
                        }
                      ],
                      "bucket_key_enabled": false
                    }
                  ]
                }
              ],
              "tags": null,
              "website": []
            }
          },
          {
            "address": "aws_sfn_state_machine.terra_ci_runner",
            "mode": "managed",
            "type": "aws_sfn_state_machine",
            "name": "terra_ci_runner",
            "provider_name": "registry.terraform.io/hashicorp/aws",
            "schema_version": 0,
            "values": {
              "definition": "{\n  \"Comment\": \"Run Terragrunt Jobs\",\n  \"StartAt\": \"OnBranch?\",\n  \"States\": {\n    \"OnBranch?\": {\n      \"Type\": \"Choice\",\n      \"Choices\": [\n        {\n          \"Variable\": \"$.build.sourceversion\",\n          \"IsPresent\": true,\n          \"Next\": \"PlanBranch\"\n        }\n      ],\n      \"Default\": \"Plan\"\n    },\n    \"Plan\": {\n      \"Type\": \"Task\",\n      \"Resource\": \"arn:aws:states:::codebuild:startBuild.sync\",\n      \"Parameters\": {\n        \"ProjectName\": \"terra-ci-runner\",\n        \"EnvironmentVariablesOverride\": [\n          {\n            \"Name\": \"TERRA_CI_BUILD_NAME\",\n            \"Value.$\": \"$$.Execution.Name\"\n          },\n          {\n            \"Name\": \"TERRA_CI_RESOURCE\",\n            \"Value.$\": \"$.build.environment.terra_ci_resource\"\n          }\n        ]\n      },\n      \"End\": true\n    },\n    \"PlanBranch\": {\n      \"Type\": \"Task\",\n      \"Resource\": \"arn:aws:states:::codebuild:startBuild.sync\",\n      \"Parameters\": {\n        \"ProjectName\": \"terra-ci-runner\",\n        \"SourceVersion.$\": \"$.build.sourceversion\",\n        \"EnvironmentVariablesOverride\": [\n          {\n            \"Name\": \"TERRA_CI_RESOURCE\",\n            \"Value.$\": \"$.build.environment.terra_ci_resource\"\n          }\n        ]\n      },\n      \"End\": true\n    }\n  }\n}\n",
              "name": "terra-ci-runner",
              "tags": null,
              "type": "STANDARD"
            }
          }
        ]
      }
    },
    "resource_changes": [
      {
        "address": "aws_codebuild_project.terra_ci",
        "mode": "managed",
        "type": "aws_codebuild_project",
        "name": "terra_ci",
        "provider_name": "registry.terraform.io/hashicorp/aws",
        "change": {
          "actions": [
            "create"
          ],
          "before": null,
          "after": {
            "artifacts": [
              {
                "artifact_identifier": null,
                "encryption_disabled": false,
                "location": "terra-ci-artifacts-eu-west-1-000002",
                "name": null,
                "namespace_type": null,
                "override_artifact_name": false,
                "packaging": null,
                "path": null,
                "type": "S3"
              }
            ],
            "badge_enabled": false,
            "build_timeout": 10,
            "cache": [],
            "description": "Deploy environment configuration",
            "environment": [
              {
                "certificate": null,
                "compute_type": "BUILD_GENERAL1_SMALL",
                "environment_variable": [],
                "image": "aws/codebuild/amazonlinux2-x86_64-standard:2.0",
                "image_pull_credentials_type": "CODEBUILD",
                "privileged_mode": false,
                "registry_credential": [],
                "type": "LINUX_CONTAINER"
              }
            ],
            "logs_config": [
              {
                "cloudwatch_logs": [
                  {
                    "group_name": null,
                    "status": "ENABLED",
                    "stream_name": null
                  }
                ],
                "s3_logs": [
                  {
                    "encryption_disabled": false,
                    "location": null,
                    "status": "DISABLED"
                  }
                ]
              }
            ],
            "name": "terra-ci-runner",
            "queued_timeout": 480,
            "secondary_artifacts": [],
            "secondary_sources": [],
            "source": [
              {
                "auth": [],
                "buildspec": "version: 0.2\nphases:\n  install:\n    commands:\n      - make install_tools\n  build:\n    commands:\n      - make plan_local resource=$TERRA_CI_RESOURCE\nartifacts:\n  files:\n    - ./tfplan\n  name: $TERRA_CI_BUILD_NAME\n\n",
                "git_clone_depth": 1,
                "git_submodules_config": [],
                "insecure_ssl": false,
                "location": "https://github.com/p0tr3c-terraform/terra-ci-single-account.git",
                "report_build_status": false,
                "type": "GITHUB"
              }
            ],
            "source_version": null,
            "tags": null,
            "vpc_config": []
          },
          "after_unknown": {
            "arn": true,
            "artifacts": [
              {}
            ],
            "badge_url": true,
            "cache": [],
            "encryption_key": true,
            "environment": [
              {
                "environment_variable": [],
                "registry_credential": []
              }
            ],
            "id": true,
            "logs_config": [
              {
                "cloudwatch_logs": [
                  {}
                ],
                "s3_logs": [
                  {}
                ]
              }
            ],
            "secondary_artifacts": [],
            "secondary_sources": [],
            "service_role": true,
            "source": [
              {
                "auth": [],
                "git_submodules_config": []
              }
            ],
            "vpc_config": []
          },
          "before_sensitive": false,
          "after_sensitive": {
            "artifacts": [
              {}
            ],
            "cache": [],
            "environment": [
              {
                "environment_variable": [],
                "registry_credential": []
              }
            ],
            "logs_config": [
              {
                "cloudwatch_logs": [
                  {}
                ],
                "s3_logs": [
                  {}
                ]
              }
            ],
            "secondary_artifacts": [],
            "secondary_sources": [],
            "source": [
              {
                "auth": [],
                "git_submodules_config": []
              }
            ],
            "vpc_config": []
          }
        }
      },
      {
        "address": "aws_iam_role.terra_ci_job",
        "mode": "managed",
        "type": "aws_iam_role",
        "name": "terra_ci_job",
        "provider_name": "registry.terraform.io/hashicorp/aws",
        "change": {
          "actions": [
            "create"
          ],
          "before": null,
          "after": {
            "assume_role_policy": "{\n  \"Version\": \"2012-10-17\",\n  \"Statement\": [\n    {\n      \"Effect\": \"Allow\",\n      \"Principal\": {\n        \"Service\": \"codebuild.amazonaws.com\"\n      },\n      \"Action\": \"sts:AssumeRole\"\n    }\n  ]\n}\n",
            "description": null,
            "force_detach_policies": false,
            "max_session_duration": 3600,
            "name": "terra_ci_job",
            "name_prefix": null,
            "path": "/",
            "permissions_boundary": null,
            "tags": null
          },
          "after_unknown": {
            "arn": true,
            "create_date": true,
            "id": true,
            "inline_policy": true,
            "managed_policy_arns": true,
            "unique_id": true
          },
          "before_sensitive": false,
          "after_sensitive": {
            "inline_policy": [],
            "managed_policy_arns": []
          }
        }
      },
      {
        "address": "aws_iam_role.terra_ci_runner",
        "mode": "managed",
        "type": "aws_iam_role",
        "name": "terra_ci_runner",
        "provider_name": "registry.terraform.io/hashicorp/aws",
        "change": {
          "actions": [
            "create"
          ],
          "before": null,
          "after": {
            "assume_role_policy": "{\n  \"Version\": \"2012-10-17\",\n  \"Statement\": [\n    {\n      \"Effect\": \"Allow\",\n      \"Principal\": {\n        \"Service\": \"states.amazonaws.com\"\n      },\n      \"Action\": \"sts:AssumeRole\"\n    }\n  ]\n}\n",
            "description": null,
            "force_detach_policies": false,
            "max_session_duration": 3600,
            "name": "terra_ci_runner",
            "name_prefix": null,
            "path": "/",
            "permissions_boundary": null,
            "tags": null
          },
          "after_unknown": {
            "arn": true,
            "create_date": true,
            "id": true,
            "inline_policy": true,
            "managed_policy_arns": true,
            "unique_id": true
          },
          "before_sensitive": false,
          "after_sensitive": {
            "inline_policy": [],
            "managed_policy_arns": []
          }
        }
      },
      {
        "address": "aws_iam_role_policy.terra_ci_job",
        "mode": "managed",
        "type": "aws_iam_role_policy",
        "name": "terra_ci_job",
        "provider_name": "registry.terraform.io/hashicorp/aws",
        "change": {
          "actions": [
            "create"
          ],
          "before": null,
          "after": {
            "name_prefix": null,
            "role": "terra_ci_job"
          },
          "after_unknown": {
            "id": true,
            "name": true,
            "policy": true
          },
          "before_sensitive": false,
          "after_sensitive": {}
        }
      },
      {
        "address": "aws_iam_role_policy.terra_ci_runner",
        "mode": "managed",
        "type": "aws_iam_role_policy",
        "name": "terra_ci_runner",
        "provider_name": "registry.terraform.io/hashicorp/aws",
        "change": {
          "actions": [
            "create"
          ],
          "before": null,
          "after": {
            "name_prefix": null,
            "role": "terra_ci_runner"
          },
          "after_unknown": {
            "id": true,
            "name": true,
            "policy": true
          },
          "before_sensitive": false,
          "after_sensitive": {}
        }
      },
      {
        "address": "aws_iam_role_policy_attachment.terra_ci_job_ecr_access",
        "mode": "managed",
        "type": "aws_iam_role_policy_attachment",
        "name": "terra_ci_job_ecr_access",
        "provider_name": "registry.terraform.io/hashicorp/aws",
        "change": {
          "actions": [
            "create"
          ],
          "before": null,
          "after": {
            "policy_arn": "arn:aws:iam::aws:policy/AmazonEC2ContainerRegistryPowerUser",
            "role": "terra_ci_job"
          },
          "after_unknown": {
            "id": true
          },
          "before_sensitive": false,
          "after_sensitive": {}
        }
      },
      {
        "address": "aws_s3_bucket.terra_ci",
        "mode": "managed",
        "type": "aws_s3_bucket",
        "name": "terra_ci",
        "provider_name": "registry.terraform.io/hashicorp/aws",
        "change": {
          "actions": [
            "create"
          ],
          "before": null,
          "after": {
            "acl": "private",
            "bucket": "terra-ci-artifacts-eu-west-1-000002",
            "bucket_prefix": null,
            "cors_rule": [],
            "force_destroy": false,
            "grant": [],
            "lifecycle_rule": [],
            "logging": [],
            "object_lock_configuration": [],
            "policy": null,
            "replication_configuration": [],
            "server_side_encryption_configuration": [
              {
                "rule": [
                  {
                    "apply_server_side_encryption_by_default": [
                      {
                        "kms_master_key_id": null,
                        "sse_algorithm": "aws:kms"
                      }
                    ],
                    "bucket_key_enabled": false
                  }
                ]
              }
            ],
            "tags": null,
            "website": []
          },
          "after_unknown": {
            "acceleration_status": true,
            "arn": true,
            "bucket_domain_name": true,
            "bucket_regional_domain_name": true,
            "cors_rule": [],
            "grant": [],
            "hosted_zone_id": true,
            "id": true,
            "lifecycle_rule": [],
            "logging": [],
            "object_lock_configuration": [],
            "region": true,
            "replication_configuration": [],
            "request_payer": true,
            "server_side_encryption_configuration": [
              {
                "rule": [
                  {
                    "apply_server_side_encryption_by_default": [
                      {}
                    ]
                  }
                ]
              }
            ],
            "versioning": true,
            "website": [],
            "website_domain": true,
            "website_endpoint": true
          },
          "before_sensitive": false,
          "after_sensitive": {
            "cors_rule": [],
            "grant": [],
            "lifecycle_rule": [],
            "logging": [],
            "object_lock_configuration": [],
            "replication_configuration": [],
            "server_side_encryption_configuration": [
              {
                "rule": [
                  {
                    "apply_server_side_encryption_by_default": [
                      {}
                    ]
                  }
                ]
              }
            ],
            "versioning": [],
            "website": []
          }
        }
      },
      {
        "address": "aws_sfn_state_machine.terra_ci_runner",
        "mode": "managed",
        "type": "aws_sfn_state_machine",
        "name": "terra_ci_runner",
        "provider_name": "registry.terraform.io/hashicorp/aws",
        "change": {
          "actions": [
            "create"
          ],
          "before": null,
          "after": {
            "definition": "{\n  \"Comment\": \"Run Terragrunt Jobs\",\n  \"StartAt\": \"OnBranch?\",\n  \"States\": {\n    \"OnBranch?\": {\n      \"Type\": \"Choice\",\n      \"Choices\": [\n        {\n          \"Variable\": \"$.build.sourceversion\",\n          \"IsPresent\": true,\n          \"Next\": \"PlanBranch\"\n        }\n      ],\n      \"Default\": \"Plan\"\n    },\n    \"Plan\": {\n      \"Type\": \"Task\",\n      \"Resource\": \"arn:aws:states:::codebuild:startBuild.sync\",\n      \"Parameters\": {\n        \"ProjectName\": \"terra-ci-runner\",\n        \"EnvironmentVariablesOverride\": [\n          {\n            \"Name\": \"TERRA_CI_BUILD_NAME\",\n            \"Value.$\": \"$$.Execution.Name\"\n          },\n          {\n            \"Name\": \"TERRA_CI_RESOURCE\",\n            \"Value.$\": \"$.build.environment.terra_ci_resource\"\n          }\n        ]\n      },\n      \"End\": true\n    },\n    \"PlanBranch\": {\n      \"Type\": \"Task\",\n      \"Resource\": \"arn:aws:states:::codebuild:startBuild.sync\",\n      \"Parameters\": {\n        \"ProjectName\": \"terra-ci-runner\",\n        \"SourceVersion.$\": \"$.build.sourceversion\",\n        \"EnvironmentVariablesOverride\": [\n          {\n            \"Name\": \"TERRA_CI_RESOURCE\",\n            \"Value.$\": \"$.build.environment.terra_ci_resource\"\n          }\n        ]\n      },\n      \"End\": true\n    }\n  }\n}\n",
            "name": "terra-ci-runner",
            "tags": null,
            "type": "STANDARD"
          },
          "after_unknown": {
            "arn": true,
            "creation_date": true,
            "id": true,
            "logging_configuration": true,
            "role_arn": true,
            "status": true
          },
          "before_sensitive": false,
          "after_sensitive": {
            "logging_configuration": []
          }
        }
      },
      {
        "address": "aws_route.private[\"1\"]",
        "mode": "managed",
        "type": "aws_route",
        "name": "private",
        "index": 1,
        "provider_name": "registry.terraform.io/hashicorp/aws",
        "change": {
          "actions": [
            "create"
          ],
          "before": null,
          "after": {
            "carrier_gateway_id": null,
            "destination_cidr_block": "172.25.16.0/20",
            "destination_ipv6_cidr_block": null,
            "destination_prefix_list_id": null,
            "egress_only_gateway_id": null,
            "gateway_id": null,
            "local_gateway_id": null,
            "nat_gateway_id": null,
            "route_table_id": "rtb-00cf8381520103cfb",
            "timeouts": null,
            "transit_gateway_id": "tgw-0f68a4f2c58772c51",
            "vpc_endpoint_id": null,
            "vpc_peering_connection_id": null
          },
          "after_unknown": {
            "id": true,
            "instance_id": true,
            "instance_owner_id": true,
            "network_interface_id": true,
            "origin": true,
            "state": true
          },
          "before_sensitive": false,
          "after_sensitive": {}
        }
      },
      {
        "address": "aws_route.private[\"rtb-00cf8381520103cfb\"]",
        "mode": "managed",
        "type": "aws_route",
        "name": "private",
        "index": "rtb-00cf8381520103cfb",
        "provider_name": "registry.terraform.io/hashicorp/aws",
        "change": {
          "actions": [
            "create"
          ],
          "before": null,
          "after": {
            "carrier_gateway_id": null,
            "destination_cidr_block": "172.25.16.0/20",
            "destination_ipv6_cidr_block": null,
            "destination_prefix_list_id": null,
            "egress_only_gateway_id": null,
            "gateway_id": null,
            "local_gateway_id": null,
            "nat_gateway_id": null,
            "route_table_id": "rtb-00cf8381520103cfb",
            "timeouts": null,
            "transit_gateway_id": "tgw-0f68a4f2c58772c51",
            "vpc_endpoint_id": null,
            "vpc_peering_connection_id": null
          },
          "after_unknown": {
            "id": true,
            "instance_id": true,
            "instance_owner_id": true,
            "network_interface_id": true,
            "origin": true,
            "state": true
          },
          "before_sensitive": false,
          "after_sensitive": {}
        }
      }
    ],
    "prior_state": {
      "format_version": "0.1",
      "terraform_version": "0.15.0",
      "values": {
        "root_module": {
          "resources": [
            {
              "address": "data.aws_caller_identity.current",
              "mode": "data",
              "type": "aws_caller_identity",
              "name": "current",
              "provider_name": "registry.terraform.io/hashicorp/aws",
              "schema_version": 0,
              "values": {
                "account_id": "719261439472",
                "arn": "arn:aws:sts::719261439472:assumed-role/ci/1620222847597477484",
                "id": "719261439472",
                "user_id": "AROA2O52SSXYLVFYURBIV:1620222847597477484"
              }
            },
            {
              "address": "data.template_file.terra_ci",
              "mode": "data",
              "type": "template_file",
              "name": "terra_ci",
              "provider_name": "registry.terraform.io/hashicorp/template",
              "schema_version": 0,
              "values": {
                "filename": null,
                "id": "64e36ed71e7270140dde96fec9c89d1d55ae5a6e91f7c0be15170200dcf9481b",
                "rendered": "version: 0.2\nphases:\n  install:\n    commands:\n      - make install_tools\n  build:\n    commands:\n      - make plan_local resource=$TERRA_CI_RESOURCE\nartifacts:\n  files:\n    - ./tfplan\n  name: $TERRA_CI_BUILD_NAME\n\n",
                "template": "version: 0.2\nphases:\n  install:\n    commands:\n      - make install_tools\n  build:\n    commands:\n      - make plan_local resource=$TERRA_CI_RESOURCE\nartifacts:\n  files:\n    - ./tfplan\n  name: $TERRA_CI_BUILD_NAME\n\n",
                "vars": null
              }
            }
          ]
        }
      }
    },
    "configuration": {
      "provider_config": {
        "aws": {
          "name": "aws",
          "expressions": {
            "allowed_account_ids": {
              "constant_value": [
                "719261439472"
              ]
            },
            "assume_role": [
              {
                "role_arn": {
                  "constant_value": "arn:aws:iam::719261439472:role/ci"
                }
              }
            ],
            "region": {
              "constant_value": "eu-west-1"
            }
          }
        }
      },
      "root_module": {
        "resources": [
          {
            "address": "aws_codebuild_project.terra_ci",
            "mode": "managed",
            "type": "aws_codebuild_project",
            "name": "terra_ci",
            "provider_config_key": "aws",
            "expressions": {
              "artifacts": [
                {
                  "location": {
                    "references": [
                      "aws_s3_bucket.terra_ci"
                    ]
                  },
                  "type": {
                    "constant_value": "S3"
                  }
                }
              ],
              "build_timeout": {
                "constant_value": "10"
              },
              "description": {
                "constant_value": "Deploy environment configuration"
              },
              "environment": [
                {
                  "compute_type": {
                    "constant_value": "BUILD_GENERAL1_SMALL"
                  },
                  "image": {
                    "constant_value": "aws/codebuild/amazonlinux2-x86_64-standard:2.0"
                  },
                  "image_pull_credentials_type": {
                    "constant_value": "CODEBUILD"
                  },
                  "privileged_mode": {
                    "constant_value": false
                  },
                  "type": {
                    "constant_value": "LINUX_CONTAINER"
                  }
                }
              ],
              "logs_config": [
                {
                  "cloudwatch_logs": [
                    {
                      "status": {
                        "constant_value": "ENABLED"
                      }
                    }
                  ],
                  "s3_logs": [
                    {
                      "encryption_disabled": {
                        "constant_value": false
                      },
                      "status": {
                        "constant_value": "DISABLED"
                      }
                    }
                  ]
                }
              ],
              "name": {
                "constant_value": "terra-ci-runner"
              },
              "service_role": {
                "references": [
                  "aws_iam_role.terra_ci_job"
                ]
              },
              "source": [
                {
                  "buildspec": {
                    "references": [
                      "data.template_file.terra_ci"
                    ]
                  },
                  "git_clone_depth": {
                    "constant_value": 1
                  },
                  "insecure_ssl": {
                    "constant_value": false
                  },
                  "location": {
                    "references": [
                      "var.repo_url"
                    ]
                  },
                  "report_build_status": {
                    "constant_value": false
                  },
                  "type": {
                    "constant_value": "GITHUB"
                  }
                }
              ]
            },
            "schema_version": 0
          },
          {
            "address": "aws_iam_role.terra_ci_job",
            "mode": "managed",
            "type": "aws_iam_role",
            "name": "terra_ci_job",
            "provider_config_key": "aws",
            "expressions": {
              "assume_role_policy": {
                "constant_value": "{\n  \"Version\": \"2012-10-17\",\n  \"Statement\": [\n    {\n      \"Effect\": \"Allow\",\n      \"Principal\": {\n        \"Service\": \"codebuild.amazonaws.com\"\n      },\n      \"Action\": \"sts:AssumeRole\"\n    }\n  ]\n}\n"
              },
              "name": {
                "constant_value": "terra_ci_job"
              }
            },
            "schema_version": 0
          },
          {
            "address": "aws_iam_role.terra_ci_runner",
            "mode": "managed",
            "type": "aws_iam_role",
            "name": "terra_ci_runner",
            "provider_config_key": "aws",
            "expressions": {
              "assume_role_policy": {
                "constant_value": "{\n  \"Version\": \"2012-10-17\",\n  \"Statement\": [\n    {\n      \"Effect\": \"Allow\",\n      \"Principal\": {\n        \"Service\": \"states.amazonaws.com\"\n      },\n      \"Action\": \"sts:AssumeRole\"\n    }\n  ]\n}\n"
              },
              "name": {
                "constant_value": "terra_ci_runner"
              }
            },
            "schema_version": 0
          },
          {
            "address": "aws_iam_role_policy.terra_ci_job",
            "mode": "managed",
            "type": "aws_iam_role_policy",
            "name": "terra_ci_job",
            "provider_config_key": "aws",
            "expressions": {
              "policy": {
                "references": [
                  "data.aws_caller_identity.current",
                  "aws_s3_bucket.terra_ci",
                  "aws_s3_bucket.terra_ci"
                ]
              },
              "role": {
                "references": [
                  "aws_iam_role.terra_ci_job"
                ]
              }
            },
            "schema_version": 0
          },
          {
            "address": "aws_iam_role_policy.terra_ci_runner",
            "mode": "managed",
            "type": "aws_iam_role_policy",
            "name": "terra_ci_runner",
            "provider_config_key": "aws",
            "expressions": {
              "policy": {
                "references": [
                  "aws_codebuild_project.terra_ci",
                  "var.aws_region",
                  "data.aws_caller_identity.current"
                ]
              },
              "role": {
                "references": [
                  "aws_iam_role.terra_ci_runner"
                ]
              }
            },
            "schema_version": 0
          },
          {
            "address": "aws_iam_role_policy_attachment.terra_ci_job_ecr_access",
            "mode": "managed",
            "type": "aws_iam_role_policy_attachment",
            "name": "terra_ci_job_ecr_access",
            "provider_config_key": "aws",
            "expressions": {
              "policy_arn": {
                "constant_value": "arn:aws:iam::aws:policy/AmazonEC2ContainerRegistryPowerUser"
              },
              "role": {
                "references": [
                  "aws_iam_role.terra_ci_job"
                ]
              }
            },
            "schema_version": 0
          },
          {
            "address": "aws_s3_bucket.terra_ci",
            "mode": "managed",
            "type": "aws_s3_bucket",
            "name": "terra_ci",
            "provider_config_key": "aws",
            "expressions": {
              "acl": {
                "constant_value": "private"
              },
              "bucket": {
                "references": [
                  "var.aws_region",
                  "var.serial_number"
                ]
              },
              "server_side_encryption_configuration": [
                {
                  "rule": [
                    {
                      "apply_server_side_encryption_by_default": [
                        {
                          "sse_algorithm": {
                            "constant_value": "aws:kms"
                          }
                        }
                      ],
                      "bucket_key_enabled": {
                        "constant_value": false
                      }
                    }
                  ]
                }
              ]
            },
            "schema_version": 0
          },
          {
            "address": "aws_sfn_state_machine.terra_ci_runner",
            "mode": "managed",
            "type": "aws_sfn_state_machine",
            "name": "terra_ci_runner",
            "provider_config_key": "aws",
            "expressions": {
              "definition": {
                "references": [
                  "aws_codebuild_project.terra_ci",
                  "aws_codebuild_project.terra_ci"
                ]
              },
              "name": {
                "constant_value": "terra-ci-runner"
              },
              "role_arn": {
                "references": [
                  "aws_iam_role.terra_ci_runner"
                ]
              }
            },
            "schema_version": 0
          },
          {
            "address": "data.aws_caller_identity.current",
            "mode": "data",
            "type": "aws_caller_identity",
            "name": "current",
            "provider_config_key": "aws",
            "schema_version": 0
          },
          {
            "address": "data.template_file.terra_ci",
            "mode": "data",
            "type": "template_file",
            "name": "terra_ci",
            "provider_config_key": "template",
            "expressions": {
              "template": {}
            },
            "schema_version": 0
          }
        ],
        "variables": {
          "aws_region": {},
          "repo_url": {},
          "serial_number": {}
        }
      }
    }
  }
  