---
lockfileVersion: '9.0'

importers:

  .:
    configDependencies: {}
    packageManagerDependencies:
      '@pnpm/exe':
        specifier: 11.20.0
        version: 11.20.0
      pnpm:
        specifier: 11.20.0
        version: 11.20.0

packages:

  '@pnpm/exe@11.20.0':
    resolution: {integrity: sha512-6ZiImENLhgpKifw3CltPmwSMhFLgSeEsNjJQvxFs5uu0mjqH6Rq6f7FDA1J7lBPOerxctUstMu3n+KA2qrWRlA==}
    hasBin: true

  '@pnpm/linux-arm64@11.20.0':
    resolution: {integrity: sha512-yrly8s9sGVKaHyO1soLP1z12YmOKOM0wNnVsKAEfeOoPsFkuf+3116kb4ysDlY8PZ5xJ9KDv+UXgDNOew7c7RA==}
    cpu: [arm64]
    os: [linux]

  '@pnpm/linux-x64@11.20.0':
    resolution: {integrity: sha512-B97xRRGMktHsPzIpEgK1BuCUtO3mwUTMpVW9fV+BoY/giCCoJvgTvZTqyY8gTKSNmiPrp7Twwn5Em0r04k2fAw==}
    cpu: [x64]
    os: [linux]

  '@pnpm/linuxstatic-arm64@11.20.0':
    resolution: {integrity: sha512-pdgQdxExyVLPNedhXH6RFHYCabXzfA4gU21JFWa+aXVSKI49QA817FzfjLed+hlHL+JMH7HQZvooqw3VdvLTzQ==}
    cpu: [arm64]
    os: [linux]
    libc: [musl]

  '@pnpm/linuxstatic-x64@11.20.0':
    resolution: {integrity: sha512-n1pyBbXenYQJFi8nQ5Z0h4eUd9CTzbVFfnhODqYl27xqRxu8yODx5NzpCBfCczczcedCUU9NPq9McH0KtK7gyA==}
    cpu: [x64]
    os: [linux]
    libc: [musl]

  '@pnpm/macos-arm64@11.20.0':
    resolution: {integrity: sha512-tGuwiSQWvNxKEnABtAWWLhoL3ACE6DKZstYRNjMIFouNZqHy8PsQGFnBMoKiSqtGEx7EQ7sLa+bpJsb7y6bXoA==}
    cpu: [arm64]
    os: [darwin]

  '@pnpm/win-arm64@11.20.0':
    resolution: {integrity: sha512-F4GacJqJaRDxgkpUsfefRcMC6jgrjYUnhDc/mfPPUvWUe3ioLm5LSdjyvtTbbIs8d/nojMQyV9H1PS1w7pFshg==}
    cpu: [arm64]
    os: [win32]

  '@pnpm/win-x64@11.20.0':
    resolution: {integrity: sha512-0Db1+7D7TtvYT0ecBRhkaD8YSMcVyiArOtWqvm0UrIu8l7wWx9FgP/8NKbpg9qKHi00UxsLd03AVPl9hx2BzSw==}
    cpu: [x64]
    os: [win32]

  '@reflink/reflink-darwin-arm64@0.1.19':
    resolution: {integrity: sha512-ruy44Lpepdk1FqDz38vExBY/PVUsjxZA+chd9wozjUH9JjuDT/HEaQYA6wYN9mf041l0yLVar6BCZuWABJvHSA==}
    engines: {node: '>= 10'}
    cpu: [arm64]
    os: [darwin]

  '@reflink/reflink-darwin-x64@0.1.19':
    resolution: {integrity: sha512-By85MSWrMZa+c26TcnAy8SDk0sTUkYlNnwknSchkhHpGXOtjNDUOxJE9oByBnGbeuIE1PiQsxDG3Ud+IVV9yuA==}
    engines: {node: '>= 10'}
    cpu: [x64]
    os: [darwin]

  '@reflink/reflink-linux-arm64-gnu@0.1.19':
    resolution: {integrity: sha512-7P+er8+rP9iNeN+bfmccM4hTAaLP6PQJPKWSA4iSk2bNvo6KU6RyPgYeHxXmzNKzPVRcypZQTpFgstHam6maVg==}
    engines: {node: '>= 10'}
    cpu: [arm64]
    os: [linux]
    libc: [glibc]

  '@reflink/reflink-linux-arm64-musl@0.1.19':
    resolution: {integrity: sha512-37iO/Dp6m5DDaC2sf3zPtx/hl9FV3Xze4xoYidrxxS9bgP3S8ALroxRK6xBG/1TtfXKTvolvp+IjrUU6ujIGmA==}
    engines: {node: '>= 10'}
    cpu: [arm64]
    os: [linux]
    libc: [musl]

  '@reflink/reflink-linux-x64-gnu@0.1.19':
    resolution: {integrity: sha512-jbI8jvuYCaA3MVUdu8vLoLAFqC+iNMpiSuLbxlAgg7x3K5bsS8nOpTRnkLF7vISJ+rVR8W+7ThXlXlUQ93ulkw==}
    engines: {node: '>= 10'}
    cpu: [x64]
    os: [linux]
    libc: [glibc]

  '@reflink/reflink-linux-x64-musl@0.1.19':
    resolution: {integrity: sha512-e9FBWDe+lv7QKAwtKOt6A2W/fyy/aEEfr0g6j/hWzvQcrzHCsz07BNQYlNOjTfeytrtLU7k449H1PI95jA4OjQ==}
    engines: {node: '>= 10'}
    cpu: [x64]
    os: [linux]
    libc: [musl]

  '@reflink/reflink-win32-arm64-msvc@0.1.19':
    resolution: {integrity: sha512-09PxnVIQcd+UOn4WAW73WU6PXL7DwGS6wPlkMhMg2zlHHG65F3vHepOw06HFCq+N42qkaNAc8AKIabWvtk6cIQ==}
    engines: {node: '>= 10'}
    cpu: [arm64]
    os: [win32]

  '@reflink/reflink-win32-x64-msvc@0.1.19':
    resolution: {integrity: sha512-E//yT4ni2SyhwP8JRjVGWr3cbnhWDiPLgnQ66qqaanjjnMiu3O/2tjCPQXlcGc/DEYofpDc9fvhv6tALQsMV9w==}
    engines: {node: '>= 10'}
    cpu: [x64]
    os: [win32]

  '@reflink/reflink@0.1.19':
    resolution: {integrity: sha512-DmCG8GzysnCZ15bres3N5AHCmwBwYgp0As6xjhQ47rAUTUXxJiK+lLUxaGsX3hd/30qUpVElh05PbGuxRPgJwA==}
    engines: {node: '>= 10'}

  detect-libc@2.1.2:
    resolution: {integrity: sha512-Btj2BOOO83o3WyH59e8MgXsxEQVcarkUOpEYrubB0urwnN10yQ364rsiByU11nZlqWYZm05i/of7io4mzihBtQ==}
    engines: {node: '>=8'}

  pnpm@11.20.0:
    resolution: {integrity: sha512-mm8zCpW2ZEbqCI+vFSFAWooB8H/ecSTMmVjf7VLUu0NnN+ZbCPhfN7Rvy6N1CSVYrFEmK4FoRLIvY0Bu0Wa/7g==}
    engines: {node: '>=22.13'}
    hasBin: true

snapshots:

  '@pnpm/exe@11.20.0':
    dependencies:
      '@reflink/reflink': 0.1.19
      detect-libc: 2.1.2
    optionalDependencies:
      '@pnpm/linux-arm64': 11.20.0
      '@pnpm/linux-x64': 11.20.0
      '@pnpm/linuxstatic-arm64': 11.20.0
      '@pnpm/linuxstatic-x64': 11.20.0
      '@pnpm/macos-arm64': 11.20.0
      '@pnpm/win-arm64': 11.20.0
      '@pnpm/win-x64': 11.20.0

  '@pnpm/linux-arm64@11.20.0':
    optional: true

  '@pnpm/linux-x64@11.20.0':
    optional: true

  '@pnpm/linuxstatic-arm64@11.20.0':
    optional: true

  '@pnpm/linuxstatic-x64@11.20.0':
    optional: true

  '@pnpm/macos-arm64@11.20.0':
    optional: true

  '@pnpm/win-arm64@11.20.0':
    optional: true

  '@pnpm/win-x64@11.20.0':
    optional: true

  '@reflink/reflink-darwin-arm64@0.1.19':
    optional: true

  '@reflink/reflink-darwin-x64@0.1.19':
    optional: true

  '@reflink/reflink-linux-arm64-gnu@0.1.19':
    optional: true

  '@reflink/reflink-linux-arm64-musl@0.1.19':
    optional: true

  '@reflink/reflink-linux-x64-gnu@0.1.19':
    optional: true

  '@reflink/reflink-linux-x64-musl@0.1.19':
    optional: true

  '@reflink/reflink-win32-arm64-msvc@0.1.19':
    optional: true

  '@reflink/reflink-win32-x64-msvc@0.1.19':
    optional: true

  '@reflink/reflink@0.1.19':
    optionalDependencies:
      '@reflink/reflink-darwin-arm64': 0.1.19
      '@reflink/reflink-darwin-x64': 0.1.19
      '@reflink/reflink-linux-arm64-gnu': 0.1.19
      '@reflink/reflink-linux-arm64-musl': 0.1.19
      '@reflink/reflink-linux-x64-gnu': 0.1.19
      '@reflink/reflink-linux-x64-musl': 0.1.19
      '@reflink/reflink-win32-arm64-msvc': 0.1.19
      '@reflink/reflink-win32-x64-msvc': 0.1.19

  detect-libc@2.1.2: {}

  pnpm@11.20.0: {}

---
lockfileVersion: '9.0'

settings:
  autoInstallPeers: true
  excludeLinksFromLockfile: false

importers:

  .:
    dependencies:
      is-odd:
        specifier: ^3.0.1
        version: 3.0.1

packages:

  is-number@6.0.0:
    resolution: {integrity: sha512-Wu1VHeILBK8KAWJUAiSZQX94GmOE45Rg6/538fKwiloUu21KncEkYGPqob2oSZ5mUT73vLGrHQjKw3KMPwfDzg==}
    engines: {node: '>=0.10.0'}

  is-odd@3.0.1:
    resolution: {integrity: sha512-CQpnWPrDwmP1+SMHXZhtLtJv90yiyVfluGsX5iNCVkrhQtU3TQHsUWPG9wkdk9Lgd5yNpAg9jQEo90CBaXgWMA==}
    engines: {node: '>=4'}

snapshots:

  is-number@6.0.0: {}

  is-odd@3.0.1:
    dependencies:
      is-number: 6.0.0
