# This file is generated by running "yarn install" inside your project.
# Manual changes might be lost - proceed with caution!

__metadata:
  version: 6
  cacheKey: 8

"lodash@npm:4.17.0":
  version: 4.17.0
  resolution: "lodash@npm:4.17.0"
  checksum: 063b9c6f6057d616033b3d201a09982bb849d38decffc2067ce1121917761d910d376c85f12a1c7b5367a16f76fa0e9f3ea9b3edb3bc34d0ad5de1eec8fe25c4
  languageName: node
  linkType: hard

"yarn-3-vuln@workspace:.":
  version: 0.0.0-use.local
  resolution: "yarn-3-vuln@workspace:."
  dependencies:
    lodash: 4.17.0
  languageName: unknown
  linkType: soft
