{
    "format_version": "0.2",
    "terraform_version": "1.0.11",
    "planned_values": {
        "root_module": {
            "resources": [
                {
                    "address": "aws_default_security_group.default",
                    "mode": "managed",
                    "type": "aws_default_security_group",
                    "name": "default",
                    "provider_name": "registry.terraform.io/hashicorp/aws",
                    "schema_version": 1,
                    "values": {
                        "ingress": [
                            {
                                "cidr_blocks": [
                                    "0.0.0.0/0"
                                ],
                                "description": "",
                                "from_port": 0,
                                "ipv6_cidr_blocks": [],
                                "prefix_list_ids": [],
                                "protocol": "-1",
                                "security_groups": [],
                                "self": false,
                                "to_port": 0
                            }
                        ],
                        "revoke_rules_on_delete": false,
                        "tags": null
                    },
                    "sensitive_values": {
                        "egress": [],
                        "ingress": [
                            {
                                "cidr_blocks": [
                                    false
                                ],
                                "ipv6_cidr_blocks": [],
                                "prefix_list_ids": [],
                                "security_groups": []
                            }
                        ],
                        "tags_all": {}
                    }
                },
                {
                    "address": "aws_vpc.mainvpc",
                    "mode": "managed",
                    "type": "aws_vpc",
                    "name": "mainvpc",
                    "provider_name": "registry.terraform.io/hashicorp/aws",
                    "schema_version": 1,
                    "values": {
                        "assign_generated_ipv6_cidr_block": null,
                        "cidr_block": "10.1.0.0/16",
                        "enable_dns_support": true,
                        "instance_tenancy": "default",
                        "ipv4_ipam_pool_id": null,
                        "ipv4_netmask_length": null,
                        "ipv6_ipam_pool_id": null,
                        "ipv6_netmask_length": null,
                        "tags": null
                    },
                    "sensitive_values": {
                        "tags_all": {}
                    }
                }
            ]
        }
    },
    "resource_changes": [
        {
            "address": "aws_default_security_group.default",
            "mode": "managed",
            "type": "aws_default_security_group",
            "name": "default",
            "provider_name": "registry.terraform.io/hashicorp/aws",
            "change": {
                "actions": [
                    "create"
                ],
                "before": null,
                "after": {
                    "ingress": [
                        {
                            "cidr_blocks": [
                                "0.0.0.0/0"
                            ],
                            "description": "",
                            "from_port": 0,
                            "ipv6_cidr_blocks": [],
                            "prefix_list_ids": [],
                            "protocol": "-1",
                            "security_groups": [],
                            "self": false,
                            "to_port": 0
                        }
                    ],
                    "revoke_rules_on_delete": false,
                    "tags": null
                },
                "after_unknown": {
                    "arn": true,
                    "description": true,
                    "egress": true,
                    "id": true,
                    "ingress": [
                        {
                            "cidr_blocks": [
                                false
                            ],
                            "ipv6_cidr_blocks": [],
                            "prefix_list_ids": [],
                            "security_groups": []
                        }
                    ],
                    "name": true,
                    "name_prefix": true,
                    "owner_id": true,
                    "tags_all": true,
                    "vpc_id": true
                },
                "before_sensitive": false,
                "after_sensitive": {
                    "egress": [],
                    "ingress": [
                        {
                            "cidr_blocks": [
                                false
                            ],
                            "ipv6_cidr_blocks": [],
                            "prefix_list_ids": [],
                            "security_groups": []
                        }
                    ],
                    "tags_all": {}
                }
            }
        },
        {
            "address": "aws_vpc.mainvpc",
            "mode": "managed",
            "type": "aws_vpc",
            "name": "mainvpc",
            "provider_name": "registry.terraform.io/hashicorp/aws",
            "change": {
                "actions": [
                    "create"
                ],
                "before": null,
                "after": {
                    "assign_generated_ipv6_cidr_block": null,
                    "cidr_block": "10.1.0.0/16",
                    "enable_dns_support": true,
                    "instance_tenancy": "default",
                    "ipv4_ipam_pool_id": null,
                    "ipv4_netmask_length": null,
                    "ipv6_ipam_pool_id": null,
                    "ipv6_netmask_length": null,
                    "tags": null
                },
                "after_unknown": {
                    "arn": true,
                    "default_network_acl_id": true,
                    "default_route_table_id": true,
                    "default_security_group_id": true,
                    "dhcp_options_id": true,
                    "enable_classiclink": true,
                    "enable_classiclink_dns_support": true,
                    "enable_dns_hostnames": true,
                    "id": true,
                    "ipv6_association_id": true,
                    "ipv6_cidr_block": true,
                    "ipv6_cidr_block_network_border_group": true,
                    "main_route_table_id": true,
                    "owner_id": true,
                    "tags_all": true
                },
                "before_sensitive": false,
                "after_sensitive": {
                    "tags_all": {}
                }
            }
        }
    ],
    "configuration": {
        "provider_config": {
            "aws": {
                "name": "aws",
                "expressions": {
                    "region": {
                        "constant_value": "us-east-1"
                    }
                }
            }
        },
        "root_module": {
            "resources": [
                {
                    "address": "aws_default_security_group.default",
                    "mode": "managed",
                    "type": "aws_default_security_group",
                    "name": "default",
                    "provider_config_key": "aws",
                    "expressions": {
                        "vpc_id": {
                            "references": [
                                "aws_vpc.mainvpc.id",
                                "aws_vpc.mainvpc"
                            ]
                        }
                    },
                    "schema_version": 1
                },
                {
                    "address": "aws_vpc.mainvpc",
                    "mode": "managed",
                    "type": "aws_vpc",
                    "name": "mainvpc",
                    "provider_config_key": "aws",
                    "expressions": {
                        "cidr_block": {
                            "constant_value": "10.1.0.0/16"
                        }
                    },
                    "schema_version": 1
                }
            ]
        }
    }
}