{
  "name": "package-sans-name-lockfile",
  "lockfileVersion": 3,
  "requires": true,
  "packages": {
    "": {
      "license": "ISC",
      "dependencies": {
        "semver": "^2.3.2"
      }
    },
    "node_modules/semver": {
      "version": "2.3.2",
      "resolved": "https://registry.npmjs.org/semver/-/semver-2.3.2.tgz",
      "integrity": "sha1-uYSPJdbPNjMwc+ye+IVtQvEjPlI=",
      "bin": {
        "semver": "bin/semver"
      }
    }
  }
}
