{
  "name": "test",
  "version": "1.0.0",
  "lockfileVersion": 2,
  "requires": true,
  "packages": {
    "": {
      "name": "test",
      "version": "1.0.0",
      "dependencies": {
        "snyk": "^1.854.0"
      }
    },
    "node_modules/snyk": {
      "version": "1.854.0",
      "resolved": "https://registry.npmjs.org/snyk/-/snyk-1.854.0.tgz",
      "integrity": "sha512-kR+P/X01Sf13YPF+BYOWa3Kjetr84pvYiCz1ec0gFgI3aJ5qDWDxOIfTcdiPWFPS1rHSAfhvZThumhxJUTwT+Q==",
      "bin": {
        "snyk": "bin/snyk"
      },
      "engines": {
        "node": ">=10"
      }
    }
  },
  "dependencies": {
    "snyk": {
      "version": "1.854.0",
      "resolved": "https://registry.npmjs.org/snyk/-/snyk-1.854.0.tgz",
      "integrity": "sha512-kR+P/X01Sf13YPF+BYOWa3Kjetr84pvYiCz1ec0gFgI3aJ5qDWDxOIfTcdiPWFPS1rHSAfhvZThumhxJUTwT+Q=="
    }
  }
}
