{
  "name": "npm-package",
  "version": "1.0.0",
  "lockfileVersion": 1,
  "requires": true,
  "dependencies": {
    "a": {
      "version": "1.0.0",
      "requires": {
        "b": "1.0.0",
        "c": "1.0.0",
        "d": "1.0.0"
      }
    },
    "b": {
      "version": "1.0.0",
      "requires": {
        "c": "1.0.0"
      }
    },
    "d": {
      "version": "1.0.0",
      "requires": {
        "c": "1.0.0"
      }
    },
    "c": {
      "version": "1.0.0",
      "requires": {
        "v": "5.0.0"
      }
    },
    "v": {
      "version": "5.0.0"
    }
  }
}