# This file is generated by running "yarn install" inside your project.
# Manual changes might be lost - proceed with caution!

__metadata:
  version: 8
  cacheKey: 10c0

"@babel/generator@npm:^7.23.0":
  version: 7.27.1
  resolution: "@babel/generator@npm:7.27.1"
  dependencies:
    "@babel/parser": "npm:^7.27.1"
    "@babel/types": "npm:^7.27.1"
    "@jridgewell/gen-mapping": "npm:^0.3.5"
    "@jridgewell/trace-mapping": "npm:^0.3.25"
    jsesc: "npm:^3.0.2"
  checksum: 10c0/c4156434b21818f558ebd93ce45f027c53ee570ce55a84fd2d9ba45a79ad204c17e0bff753c886fb6c07df3385445a9e34dc7ccb070d0ac7e80bb91c8b57f423
  languageName: node
  linkType: hard

"@babel/helper-string-parser@npm:^7.27.1":
  version: 7.27.1
  resolution: "@babel/helper-string-parser@npm:7.27.1"
  checksum: 10c0/8bda3448e07b5583727c103560bcf9c4c24b3c1051a4c516d4050ef69df37bb9a4734a585fe12725b8c2763de0a265aa1e909b485a4e3270b7cfd3e4dbe4b602
  languageName: node
  linkType: hard

"@babel/helper-validator-identifier@npm:^7.27.1":
  version: 7.27.1
  resolution: "@babel/helper-validator-identifier@npm:7.27.1"
  checksum: 10c0/c558f11c4871d526498e49d07a84752d1800bf72ac0d3dad100309a2eaba24efbf56ea59af5137ff15e3a00280ebe588560534b0e894a4750f8b1411d8f78b84
  languageName: node
  linkType: hard

"@babel/parser@npm:^7.23.0, @babel/parser@npm:^7.27.1":
  version: 7.27.2
  resolution: "@babel/parser@npm:7.27.2"
  dependencies:
    "@babel/types": "npm:^7.27.1"
  bin:
    parser: ./bin/babel-parser.js
  checksum: 10c0/3c06692768885c2f58207fc8c2cbdb4a44df46b7d93135a083f6eaa49310f7ced490ce76043a2a7606cdcc13f27e3d835e141b692f2f6337a2e7f43c1dbb04b4
  languageName: node
  linkType: hard

"@babel/types@npm:^7.23.0, @babel/types@npm:^7.27.1":
  version: 7.27.1
  resolution: "@babel/types@npm:7.27.1"
  dependencies:
    "@babel/helper-string-parser": "npm:^7.27.1"
    "@babel/helper-validator-identifier": "npm:^7.27.1"
  checksum: 10c0/ed736f14db2fdf0d36c539c8e06b6bb5e8f9649a12b5c0e1c516fed827f27ef35085abe08bf4d1302a4e20c9a254e762eed453bce659786d4a6e01ba26a91377
  languageName: node
  linkType: hard

"@isaacs/fs-minipass@npm:^4.0.0":
  version: 4.0.1
  resolution: "@isaacs/fs-minipass@npm:4.0.1"
  dependencies:
    minipass: "npm:^7.0.4"
  checksum: 10c0/c25b6dc1598790d5b55c0947a9b7d111cfa92594db5296c3b907e2f533c033666f692a3939eadac17b1c7c40d362d0b0635dc874cbfe3e70db7c2b07cc97a5d2
  languageName: node
  linkType: hard

"@jridgewell/gen-mapping@npm:^0.3.5":
  version: 0.3.8
  resolution: "@jridgewell/gen-mapping@npm:0.3.8"
  dependencies:
    "@jridgewell/set-array": "npm:^1.2.1"
    "@jridgewell/sourcemap-codec": "npm:^1.4.10"
    "@jridgewell/trace-mapping": "npm:^0.3.24"
  checksum: 10c0/c668feaf86c501d7c804904a61c23c67447b2137b813b9ce03eca82cb9d65ac7006d766c218685d76e3d72828279b6ee26c347aa1119dab23fbaf36aed51585a
  languageName: node
  linkType: hard

"@jridgewell/resolve-uri@npm:^3.1.0":
  version: 3.1.2
  resolution: "@jridgewell/resolve-uri@npm:3.1.2"
  checksum: 10c0/d502e6fb516b35032331406d4e962c21fe77cdf1cbdb49c6142bcbd9e30507094b18972778a6e27cbad756209cfe34b1a27729e6fa08a2eb92b33943f680cf1e
  languageName: node
  linkType: hard

"@jridgewell/set-array@npm:^1.2.1":
  version: 1.2.1
  resolution: "@jridgewell/set-array@npm:1.2.1"
  checksum: 10c0/2a5aa7b4b5c3464c895c802d8ae3f3d2b92fcbe84ad12f8d0bfbb1f5ad006717e7577ee1fd2eac00c088abe486c7adb27976f45d2941ff6b0b92b2c3302c60f4
  languageName: node
  linkType: hard

"@jridgewell/sourcemap-codec@npm:^1.4.10, @jridgewell/sourcemap-codec@npm:^1.4.14":
  version: 1.5.0
  resolution: "@jridgewell/sourcemap-codec@npm:1.5.0"
  checksum: 10c0/2eb864f276eb1096c3c11da3e9bb518f6d9fc0023c78344cdc037abadc725172c70314bdb360f2d4b7bffec7f5d657ce006816bc5d4ecb35e61b66132db00c18
  languageName: node
  linkType: hard

"@jridgewell/trace-mapping@npm:^0.3.24, @jridgewell/trace-mapping@npm:^0.3.25":
  version: 0.3.25
  resolution: "@jridgewell/trace-mapping@npm:0.3.25"
  dependencies:
    "@jridgewell/resolve-uri": "npm:^3.1.0"
    "@jridgewell/sourcemap-codec": "npm:^1.4.14"
  checksum: 10c0/3d1ce6ebc69df9682a5a8896b414c6537e428a1d68b02fcc8363b04284a8ca0df04d0ee3013132252ab14f2527bc13bea6526a912ecb5658f0e39fd2860b4df4
  languageName: node
  linkType: hard

"@yao-pkg/pkg-fetch@npm:3.5.22":
  version: 3.5.22
  resolution: "@yao-pkg/pkg-fetch@npm:3.5.22"
  dependencies:
    https-proxy-agent: "npm:^5.0.0"
    node-fetch: "npm:^2.6.6"
    picocolors: "npm:^1.1.0"
    progress: "npm:^2.0.3"
    semver: "npm:^7.3.5"
    tar-fs: "npm:^2.1.1"
    yargs: "npm:^16.2.0"
  bin:
    pkg-fetch: lib-es5/bin.js
  checksum: 10c0/fdbe2f2fab427700c14afa0aa99def4aca7447585148f834371ff0ddebd11cb396a2807c9fd135d56f81f5828bfa6ae42119ca5db4b2ff41ffdd82b68a8f4600
  languageName: node
  linkType: hard

"agent-base@npm:6":
  version: 6.0.2
  resolution: "agent-base@npm:6.0.2"
  dependencies:
    debug: "npm:4"
  checksum: 10c0/dc4f757e40b5f3e3d674bc9beb4f1048f4ee83af189bae39be99f57bf1f48dde166a8b0a5342a84b5944ee8e6ed1e5a9d801858f4ad44764e84957122fe46261
  languageName: node
  linkType: hard

"ansi-regex@npm:^5.0.1":
  version: 5.0.1
  resolution: "ansi-regex@npm:5.0.1"
  checksum: 10c0/9a64bb8627b434ba9327b60c027742e5d17ac69277960d041898596271d992d4d52ba7267a63ca10232e29f6107fc8a835f6ce8d719b88c5f8493f8254813737
  languageName: node
  linkType: hard

"ansi-styles@npm:^4.0.0":
  version: 4.3.0
  resolution: "ansi-styles@npm:4.3.0"
  dependencies:
    color-convert: "npm:^2.0.1"
  checksum: 10c0/895a23929da416f2bd3de7e9cb4eabd340949328ab85ddd6e484a637d8f6820d485f53933446f5291c3b760cbc488beb8e88573dd0f9c7daf83dccc8fe81b041
  languageName: node
  linkType: hard

"base64-js@npm:^1.3.1":
  version: 1.5.1
  resolution: "base64-js@npm:1.5.1"
  checksum: 10c0/f23823513b63173a001030fae4f2dabe283b99a9d324ade3ad3d148e218134676f1ee8568c877cd79ec1c53158dcf2d2ba527a97c606618928ba99dd930102bf
  languageName: node
  linkType: hard

"bl@npm:^4.0.3":
  version: 4.1.0
  resolution: "bl@npm:4.1.0"
  dependencies:
    buffer: "npm:^5.5.0"
    inherits: "npm:^2.0.4"
    readable-stream: "npm:^3.4.0"
  checksum: 10c0/02847e1d2cb089c9dc6958add42e3cdeaf07d13f575973963335ac0fdece563a50ac770ac4c8fa06492d2dd276f6cc3b7f08c7cd9c7a7ad0f8d388b2a28def5f
  languageName: node
  linkType: hard

"bluebird@npm:~3.7.2":
  version: 3.7.2
  resolution: "bluebird@npm:3.7.2"
  checksum: 10c0/680de03adc54ff925eaa6c7bb9a47a0690e8b5de60f4792604aae8ed618c65e6b63a7893b57ca924beaf53eee69c5af4f8314148c08124c550fe1df1add897d2
  languageName: node
  linkType: hard

"buffer@npm:^5.5.0":
  version: 5.7.1
  resolution: "buffer@npm:5.7.1"
  dependencies:
    base64-js: "npm:^1.3.1"
    ieee754: "npm:^1.1.13"
  checksum: 10c0/27cac81cff434ed2876058d72e7c4789d11ff1120ef32c9de48f59eab58179b66710c488987d295ae89a228f835fc66d088652dffeb8e3ba8659f80eb091d55e
  languageName: node
  linkType: hard

"chownr@npm:^1.1.1":
  version: 1.1.4
  resolution: "chownr@npm:1.1.4"
  checksum: 10c0/ed57952a84cc0c802af900cf7136de643d3aba2eecb59d29344bc2f3f9bf703a301b9d84cdc71f82c3ffc9ccde831b0d92f5b45f91727d6c9da62f23aef9d9db
  languageName: node
  linkType: hard

"chownr@npm:^3.0.0":
  version: 3.0.0
  resolution: "chownr@npm:3.0.0"
  checksum: 10c0/43925b87700f7e3893296c8e9c56cc58f926411cce3a6e5898136daaf08f08b9a8eb76d37d3267e707d0dcc17aed2e2ebdf5848c0c3ce95cf910a919935c1b10
  languageName: node
  linkType: hard

"cliui@npm:^7.0.2":
  version: 7.0.4
  resolution: "cliui@npm:7.0.4"
  dependencies:
    string-width: "npm:^4.2.0"
    strip-ansi: "npm:^6.0.0"
    wrap-ansi: "npm:^7.0.0"
  checksum: 10c0/6035f5daf7383470cef82b3d3db00bec70afb3423538c50394386ffbbab135e26c3689c41791f911fa71b62d13d3863c712fdd70f0fbdffd938a1e6fd09aac00
  languageName: node
  linkType: hard

"color-convert@npm:^2.0.1":
  version: 2.0.1
  resolution: "color-convert@npm:2.0.1"
  dependencies:
    color-name: "npm:~1.1.4"
  checksum: 10c0/37e1150172f2e311fe1b2df62c6293a342ee7380da7b9cfdba67ea539909afbd74da27033208d01d6d5cfc65ee7868a22e18d7e7648e004425441c0f8a15a7d7
  languageName: node
  linkType: hard

"color-name@npm:~1.1.4":
  version: 1.1.4
  resolution: "color-name@npm:1.1.4"
  checksum: 10c0/a1a3f914156960902f46f7f56bc62effc6c94e84b2cae157a526b1c1f74b677a47ec602bf68a61abfa2b42d15b7c5651c6dbe72a43af720bc588dff885b10f95
  languageName: node
  linkType: hard

"core-util-is@npm:~1.0.0":
  version: 1.0.3
  resolution: "core-util-is@npm:1.0.3"
  checksum: 10c0/90a0e40abbddfd7618f8ccd63a74d88deea94e77d0e8dbbea059fa7ebebb8fbb4e2909667fe26f3a467073de1a542ebe6ae4c73a73745ac5833786759cd906c9
  languageName: node
  linkType: hard

"debug@npm:4":
  version: 4.4.1
  resolution: "debug@npm:4.4.1"
  dependencies:
    ms: "npm:^2.1.3"
  peerDependenciesMeta:
    supports-color:
      optional: true
  checksum: 10c0/d2b44bc1afd912b49bb7ebb0d50a860dc93a4dd7d946e8de94abc957bb63726b7dd5aa48c18c2386c379ec024c46692e15ed3ed97d481729f929201e671fcd55
  languageName: node
  linkType: hard

"decompress-response@npm:^6.0.0":
  version: 6.0.0
  resolution: "decompress-response@npm:6.0.0"
  dependencies:
    mimic-response: "npm:^3.1.0"
  checksum: 10c0/bd89d23141b96d80577e70c54fb226b2f40e74a6817652b80a116d7befb8758261ad073a8895648a29cc0a5947021ab66705cb542fa9c143c82022b27c5b175e
  languageName: node
  linkType: hard

"deep-extend@npm:^0.6.0":
  version: 0.6.0
  resolution: "deep-extend@npm:0.6.0"
  checksum: 10c0/1c6b0abcdb901e13a44c7d699116d3d4279fdb261983122a3783e7273844d5f2537dc2e1c454a23fcf645917f93fbf8d07101c1d03c015a87faa662755212566
  languageName: node
  linkType: hard

"detect-libc@npm:^2.0.0":
  version: 2.0.4
  resolution: "detect-libc@npm:2.0.4"
  checksum: 10c0/c15541f836eba4b1f521e4eecc28eefefdbc10a94d3b8cb4c507689f332cc111babb95deda66f2de050b22122113189986d5190be97d51b5a2b23b938415e67c
  languageName: node
  linkType: hard

"duplexer2@npm:~0.1.4":
  version: 0.1.4
  resolution: "duplexer2@npm:0.1.4"
  dependencies:
    readable-stream: "npm:^2.0.2"
  checksum: 10c0/0765a4cc6fe6d9615d43cc6dbccff6f8412811d89a6f6aa44828ca9422a0a469625ce023bf81cee68f52930dbedf9c5716056ff264ac886612702d134b5e39b4
  languageName: node
  linkType: hard

"emoji-regex@npm:^8.0.0":
  version: 8.0.0
  resolution: "emoji-regex@npm:8.0.0"
  checksum: 10c0/b6053ad39951c4cf338f9092d7bfba448cdfd46fe6a2a034700b149ac9ffbc137e361cbd3c442297f86bed2e5f7576c1b54cc0a6bf8ef5106cc62f496af35010
  languageName: node
  linkType: hard

"end-of-stream@npm:^1.1.0, end-of-stream@npm:^1.4.1":
  version: 1.4.4
  resolution: "end-of-stream@npm:1.4.4"
  dependencies:
    once: "npm:^1.4.0"
  checksum: 10c0/870b423afb2d54bb8d243c63e07c170409d41e20b47eeef0727547aea5740bd6717aca45597a9f2745525667a6b804c1e7bede41f856818faee5806dd9ff3975
  languageName: node
  linkType: hard

"escalade@npm:^3.1.1":
  version: 3.2.0
  resolution: "escalade@npm:3.2.0"
  checksum: 10c0/ced4dd3a78e15897ed3be74e635110bbf3b08877b0a41be50dcb325ee0e0b5f65fc2d50e9845194d7c4633f327e2e1c6cce00a71b617c5673df0374201d67f65
  languageName: node
  linkType: hard

"expand-template@npm:^2.0.3":
  version: 2.0.3
  resolution: "expand-template@npm:2.0.3"
  checksum: 10c0/1c9e7afe9acadf9d373301d27f6a47b34e89b3391b1ef38b7471d381812537ef2457e620ae7f819d2642ce9c43b189b3583813ec395e2938319abe356a9b2f51
  languageName: node
  linkType: hard

"fdir@npm:^6.4.4":
  version: 6.4.4
  resolution: "fdir@npm:6.4.4"
  peerDependencies:
    picomatch: ^3 || ^4
  peerDependenciesMeta:
    picomatch:
      optional: true
  checksum: 10c0/6ccc33be16945ee7bc841e1b4178c0b4cf18d3804894cb482aa514651c962a162f96da7ffc6ebfaf0df311689fb70091b04dd6caffe28d56b9ebdc0e7ccadfdd
  languageName: node
  linkType: hard

"from2@npm:^2.3.0":
  version: 2.3.0
  resolution: "from2@npm:2.3.0"
  dependencies:
    inherits: "npm:^2.0.1"
    readable-stream: "npm:^2.0.0"
  checksum: 10c0/f87f7a2e4513244d551454a7f8324ef1f7837864a8701c536417286ec19ff4915606b1dfa8909a21b7591ebd8440ffde3642f7c303690b9a4d7c832d62248aa1
  languageName: node
  linkType: hard

"fs-constants@npm:^1.0.0":
  version: 1.0.0
  resolution: "fs-constants@npm:1.0.0"
  checksum: 10c0/a0cde99085f0872f4d244e83e03a46aa387b74f5a5af750896c6b05e9077fac00e9932fdf5aef84f2f16634cd473c63037d7a512576da7d5c2b9163d1909f3a8
  languageName: node
  linkType: hard

"fs-extra@npm:^11.2.0":
  version: 11.3.0
  resolution: "fs-extra@npm:11.3.0"
  dependencies:
    graceful-fs: "npm:^4.2.0"
    jsonfile: "npm:^6.0.1"
    universalify: "npm:^2.0.0"
  checksum: 10c0/5f95e996186ff45463059feb115a22fb048bdaf7e487ecee8a8646c78ed8fdca63630e3077d4c16ce677051f5e60d3355a06f3cd61f3ca43f48cc58822a44d0a
  languageName: node
  linkType: hard

"function-bind@npm:^1.1.2":
  version: 1.1.2
  resolution: "function-bind@npm:1.1.2"
  checksum: 10c0/d8680ee1e5fcd4c197e4ac33b2b4dce03c71f4d91717292785703db200f5c21f977c568d28061226f9b5900cbcd2c84463646134fd5337e7925e0942bc3f46d5
  languageName: node
  linkType: hard

"get-caller-file@npm:^2.0.5":
  version: 2.0.5
  resolution: "get-caller-file@npm:2.0.5"
  checksum: 10c0/c6c7b60271931fa752aeb92f2b47e355eac1af3a2673f47c9589e8f8a41adc74d45551c1bc57b5e66a80609f10ffb72b6f575e4370d61cc3f7f3aaff01757cde
  languageName: node
  linkType: hard

"github-from-package@npm:0.0.0":
  version: 0.0.0
  resolution: "github-from-package@npm:0.0.0"
  checksum: 10c0/737ee3f52d0a27e26332cde85b533c21fcdc0b09fb716c3f8e522cfaa9c600d4a631dec9fcde179ec9d47cca89017b7848ed4d6ae6b6b78f936c06825b1fcc12
  languageName: node
  linkType: hard

"graceful-fs@npm:^4.1.6, graceful-fs@npm:^4.2.0, graceful-fs@npm:^4.2.2":
  version: 4.2.11
  resolution: "graceful-fs@npm:4.2.11"
  checksum: 10c0/386d011a553e02bc594ac2ca0bd6d9e4c22d7fa8cfbfc448a6d148c59ea881b092db9dbe3547ae4b88e55f1b01f7c4a2ecc53b310c042793e63aa44cf6c257f2
  languageName: node
  linkType: hard

"hasown@npm:^2.0.2":
  version: 2.0.2
  resolution: "hasown@npm:2.0.2"
  dependencies:
    function-bind: "npm:^1.1.2"
  checksum: 10c0/3769d434703b8ac66b209a4cca0737519925bbdb61dd887f93a16372b14694c63ff4e797686d87c90f08168e81082248b9b028bad60d4da9e0d1148766f56eb9
  languageName: node
  linkType: hard

"https-proxy-agent@npm:^5.0.0":
  version: 5.0.1
  resolution: "https-proxy-agent@npm:5.0.1"
  dependencies:
    agent-base: "npm:6"
    debug: "npm:4"
  checksum: 10c0/6dd639f03434003577c62b27cafdb864784ef19b2de430d8ae2a1d45e31c4fd60719e5637b44db1a88a046934307da7089e03d6089ec3ddacc1189d8de8897d1
  languageName: node
  linkType: hard

"ieee754@npm:^1.1.13":
  version: 1.2.1
  resolution: "ieee754@npm:1.2.1"
  checksum: 10c0/b0782ef5e0935b9f12883a2e2aa37baa75da6e66ce6515c168697b42160807d9330de9a32ec1ed73149aea02e0d822e572bca6f1e22bdcbd2149e13b050b17bb
  languageName: node
  linkType: hard

"inherits@npm:^2.0.1, inherits@npm:^2.0.3, inherits@npm:^2.0.4, inherits@npm:~2.0.3":
  version: 2.0.4
  resolution: "inherits@npm:2.0.4"
  checksum: 10c0/4e531f648b29039fb7426fb94075e6545faa1eb9fe83c29f0b6d9e7263aceb4289d2d4557db0d428188eeb449cc7c5e77b0a0b2c4e248ff2a65933a0dee49ef2
  languageName: node
  linkType: hard

"ini@npm:~1.3.0":
  version: 1.3.8
  resolution: "ini@npm:1.3.8"
  checksum: 10c0/ec93838d2328b619532e4f1ff05df7909760b6f66d9c9e2ded11e5c1897d6f2f9980c54dd638f88654b00919ce31e827040631eab0a3969e4d1abefa0719516a
  languageName: node
  linkType: hard

"into-stream@npm:^6.0.0":
  version: 6.0.0
  resolution: "into-stream@npm:6.0.0"
  dependencies:
    from2: "npm:^2.3.0"
    p-is-promise: "npm:^3.0.0"
  checksum: 10c0/576319a540d0e494f5f6028db364b0e163d58020139d862e5372c51ac35875e4ac2ee49fd821bb9225642de6add2e26dff82e5c41108d638a95930fa83bad750
  languageName: node
  linkType: hard

"is-core-module@npm:^2.16.0":
  version: 2.16.1
  resolution: "is-core-module@npm:2.16.1"
  dependencies:
    hasown: "npm:^2.0.2"
  checksum: 10c0/898443c14780a577e807618aaae2b6f745c8538eca5c7bc11388a3f2dc6de82b9902bcc7eb74f07be672b11bbe82dd6a6edded44a00cb3d8f933d0459905eedd
  languageName: node
  linkType: hard

"is-fullwidth-code-point@npm:^3.0.0":
  version: 3.0.0
  resolution: "is-fullwidth-code-point@npm:3.0.0"
  checksum: 10c0/bb11d825e049f38e04c06373a8d72782eee0205bda9d908cc550ccb3c59b99d750ff9537982e01733c1c94a58e35400661f57042158ff5e8f3e90cf936daf0fc
  languageName: node
  linkType: hard

"isarray@npm:~1.0.0":
  version: 1.0.0
  resolution: "isarray@npm:1.0.0"
  checksum: 10c0/18b5be6669be53425f0b84098732670ed4e727e3af33bc7f948aac01782110eb9a18b3b329c5323bcdd3acdaae547ee077d3951317e7f133bff7105264b3003d
  languageName: node
  linkType: hard

"jsesc@npm:^3.0.2":
  version: 3.1.0
  resolution: "jsesc@npm:3.1.0"
  bin:
    jsesc: bin/jsesc
  checksum: 10c0/531779df5ec94f47e462da26b4cbf05eb88a83d9f08aac2ba04206508fc598527a153d08bd462bae82fc78b3eaa1a908e1a4a79f886e9238641c4cdefaf118b1
  languageName: node
  linkType: hard

"jsonfile@npm:^6.0.1":
  version: 6.1.0
  resolution: "jsonfile@npm:6.1.0"
  dependencies:
    graceful-fs: "npm:^4.1.6"
    universalify: "npm:^2.0.0"
  dependenciesMeta:
    graceful-fs:
      optional: true
  checksum: 10c0/4f95b5e8a5622b1e9e8f33c96b7ef3158122f595998114d1e7f03985649ea99cb3cd99ce1ed1831ae94c8c8543ab45ebd044207612f31a56fd08462140e46865
  languageName: node
  linkType: hard

"lodash@npm:lodash@^4.17.15":
  version: 4.17.21
  resolution: "lodash@npm:4.17.21"
  checksum: 10c0/d8cbea072bb08655bb4c989da418994b073a608dffa608b09ac04b43a791b12aeae7cd7ad919aa4c925f33b48490b5cfe6c1f71d827956071dae2e7bb3a6b74c
  languageName: node
  linkType: hard

"mimic-response@npm:^3.1.0":
  version: 3.1.0
  resolution: "mimic-response@npm:3.1.0"
  checksum: 10c0/0d6f07ce6e03e9e4445bee655202153bdb8a98d67ee8dc965ac140900d7a2688343e6b4c9a72cfc9ef2f7944dfd76eef4ab2482eb7b293a68b84916bac735362
  languageName: node
  linkType: hard

"minimist@npm:^1.2.0, minimist@npm:^1.2.3, minimist@npm:^1.2.6":
  version: 1.2.8
  resolution: "minimist@npm:1.2.8"
  checksum: 10c0/19d3fcdca050087b84c2029841a093691a91259a47def2f18222f41e7645a0b7c44ef4b40e88a1e58a40c84d2ef0ee6047c55594d298146d0eb3f6b737c20ce6
  languageName: node
  linkType: hard

"minipass@npm:^7.0.4, minipass@npm:^7.1.2":
  version: 7.1.2
  resolution: "minipass@npm:7.1.2"
  checksum: 10c0/b0fd20bb9fb56e5fa9a8bfac539e8915ae07430a619e4b86ff71f5fc757ef3924b23b2c4230393af1eda647ed3d75739e4e0acb250a6b1eb277cf7f8fe449557
  languageName: node
  linkType: hard

"minizlib@npm:^3.0.1":
  version: 3.0.2
  resolution: "minizlib@npm:3.0.2"
  dependencies:
    minipass: "npm:^7.1.2"
  checksum: 10c0/9f3bd35e41d40d02469cb30470c55ccc21cae0db40e08d1d0b1dff01cc8cc89a6f78e9c5d2b7c844e485ec0a8abc2238111213fdc5b2038e6d1012eacf316f78
  languageName: node
  linkType: hard

"mkdirp-classic@npm:^0.5.2, mkdirp-classic@npm:^0.5.3":
  version: 0.5.3
  resolution: "mkdirp-classic@npm:0.5.3"
  checksum: 10c0/95371d831d196960ddc3833cc6907e6b8f67ac5501a6582f47dfae5eb0f092e9f8ce88e0d83afcae95d6e2b61a01741ba03714eeafb6f7a6e9dcc158ac85b168
  languageName: node
  linkType: hard

"mkdirp@npm:^3.0.1":
  version: 3.0.1
  resolution: "mkdirp@npm:3.0.1"
  bin:
    mkdirp: dist/cjs/src/bin.js
  checksum: 10c0/9f2b975e9246351f5e3a40dcfac99fcd0baa31fbfab615fe059fb11e51f10e4803c63de1f384c54d656e4db31d000e4767e9ef076a22e12a641357602e31d57d
  languageName: node
  linkType: hard

"ms@npm:^2.1.3":
  version: 2.1.3
  resolution: "ms@npm:2.1.3"
  checksum: 10c0/d924b57e7312b3b63ad21fc5b3dc0af5e78d61a1fc7cfb5457edaf26326bf62be5307cc87ffb6862ef1c2b33b0233cdb5d4f01c4c958cc0d660948b65a287a48
  languageName: node
  linkType: hard

"multistream@npm:^4.1.0":
  version: 4.1.0
  resolution: "multistream@npm:4.1.0"
  dependencies:
    once: "npm:^1.4.0"
    readable-stream: "npm:^3.6.0"
  checksum: 10c0/84224c1268960f056e63fd8bd290231f5227da78e313aa6a2ac23bc90667491afde759622b205eff8f1593337e81af7a47ec7d4862b68800e8a3fdd2a5dacfd3
  languageName: node
  linkType: hard

"napi-build-utils@npm:^2.0.0":
  version: 2.0.0
  resolution: "napi-build-utils@npm:2.0.0"
  checksum: 10c0/5833aaeb5cc5c173da47a102efa4680a95842c13e0d9cc70428bd3ee8d96bb2172f8860d2811799b5daa5cbeda779933601492a2028a6a5351c6d0fcf6de83db
  languageName: node
  linkType: hard

"node-abi@npm:^3.3.0":
  version: 3.75.0
  resolution: "node-abi@npm:3.75.0"
  dependencies:
    semver: "npm:^7.3.5"
  checksum: 10c0/c43a2409407df3737848fd96202b0a49e15039994aecce963969e9ef7342a8fc544aba94e0bfd8155fb9de5f5fe9a4b6ccad8bf509e7c46caf096fc4491d63f2
  languageName: node
  linkType: hard

"node-fetch@npm:^2.6.6":
  version: 2.7.0
  resolution: "node-fetch@npm:2.7.0"
  dependencies:
    whatwg-url: "npm:^5.0.0"
  peerDependencies:
    encoding: ^0.1.0
  peerDependenciesMeta:
    encoding:
      optional: true
  checksum: 10c0/b55786b6028208e6fbe594ccccc213cab67a72899c9234eb59dba51062a299ea853210fcf526998eaa2867b0963ad72338824450905679ff0fa304b8c5093ae8
  languageName: node
  linkType: hard

"node-int64@npm:^0.4.0":
  version: 0.4.0
  resolution: "node-int64@npm:0.4.0"
  checksum: 10c0/a6a4d8369e2f2720e9c645255ffde909c0fbd41c92ea92a5607fc17055955daac99c1ff589d421eee12a0d24e99f7bfc2aabfeb1a4c14742f6c099a51863f31a
  languageName: node
  linkType: hard

"once@npm:^1.3.1, once@npm:^1.4.0":
  version: 1.4.0
  resolution: "once@npm:1.4.0"
  dependencies:
    wrappy: "npm:1"
  checksum: 10c0/5d48aca287dfefabd756621c5dfce5c91a549a93e9fdb7b8246bc4c4790aa2ec17b34a260530474635147aeb631a2dcc8b32c613df0675f96041cbb8244517d0
  languageName: node
  linkType: hard

"p-is-promise@npm:^3.0.0":
  version: 3.0.0
  resolution: "p-is-promise@npm:3.0.0"
  checksum: 10c0/17a52c7a59a31a435a4721a7110faeccb7cc9179cf9cd00016b7a9a7156e2c2ed9d8e2efc0142acab74d5064fbb443eaeaf67517cf3668f2a7c93a7effad5bb9
  languageName: node
  linkType: hard

"path-parse@npm:^1.0.7":
  version: 1.0.7
  resolution: "path-parse@npm:1.0.7"
  checksum: 10c0/11ce261f9d294cc7a58d6a574b7f1b935842355ec66fba3c3fd79e0f036462eaf07d0aa95bb74ff432f9afef97ce1926c720988c6a7451d8a584930ae7de86e1
  languageName: node
  linkType: hard

"picocolors@npm:^1.1.0":
  version: 1.1.1
  resolution: "picocolors@npm:1.1.1"
  checksum: 10c0/e2e3e8170ab9d7c7421969adaa7e1b31434f789afb9b3f115f6b96d91945041ac3ceb02e9ec6fe6510ff036bcc0bf91e69a1772edc0b707e12b19c0f2d6bcf58
  languageName: node
  linkType: hard

"picomatch@npm:^4.0.2":
  version: 4.0.2
  resolution: "picomatch@npm:4.0.2"
  checksum: 10c0/7c51f3ad2bb42c776f49ebf964c644958158be30d0a510efd5a395e8d49cb5acfed5b82c0c5b365523ce18e6ab85013c9ebe574f60305892ec3fa8eee8304ccc
  languageName: node
  linkType: hard

"pkg@npm:@yao-pkg/pkg@^6.4.1":
  version: 6.5.0
  resolution: "@yao-pkg/pkg@npm:6.5.0"
  dependencies:
    "@babel/generator": "npm:^7.23.0"
    "@babel/parser": "npm:^7.23.0"
    "@babel/types": "npm:^7.23.0"
    "@yao-pkg/pkg-fetch": "npm:3.5.22"
    into-stream: "npm:^6.0.0"
    minimist: "npm:^1.2.6"
    multistream: "npm:^4.1.0"
    picocolors: "npm:^1.1.0"
    picomatch: "npm:^4.0.2"
    prebuild-install: "npm:^7.1.1"
    resolve: "npm:^1.22.10"
    stream-meter: "npm:^1.0.4"
    tar: "npm:^7.4.3"
    tinyglobby: "npm:^0.2.11"
    unzipper: "npm:^0.12.3"
  bin:
    pkg: lib-es5/bin.js
  checksum: 10c0/edcf473607bfbdcb48d04eabf332d61709d8ab6953c872d0f01faca7fcc3345c19dbe804ca25c413e430c52eb24bde85fbb52f73280deeeb6788aea50f1b283b
  languageName: node
  linkType: hard

"prebuild-install@npm:^7.1.1":
  version: 7.1.3
  resolution: "prebuild-install@npm:7.1.3"
  dependencies:
    detect-libc: "npm:^2.0.0"
    expand-template: "npm:^2.0.3"
    github-from-package: "npm:0.0.0"
    minimist: "npm:^1.2.3"
    mkdirp-classic: "npm:^0.5.3"
    napi-build-utils: "npm:^2.0.0"
    node-abi: "npm:^3.3.0"
    pump: "npm:^3.0.0"
    rc: "npm:^1.2.7"
    simple-get: "npm:^4.0.0"
    tar-fs: "npm:^2.0.0"
    tunnel-agent: "npm:^0.6.0"
  bin:
    prebuild-install: bin.js
  checksum: 10c0/25919a42b52734606a4036ab492d37cfe8b601273d8dfb1fa3c84e141a0a475e7bad3ab848c741d2f810cef892fcf6059b8c7fe5b29f98d30e0c29ad009bedff
  languageName: node
  linkType: hard

"process-nextick-args@npm:~2.0.0":
  version: 2.0.1
  resolution: "process-nextick-args@npm:2.0.1"
  checksum: 10c0/bec089239487833d46b59d80327a1605e1c5287eaad770a291add7f45fda1bb5e28b38e0e061add0a1d0ee0984788ce74fa394d345eed1c420cacf392c554367
  languageName: node
  linkType: hard

"progress@npm:^2.0.3":
  version: 2.0.3
  resolution: "progress@npm:2.0.3"
  checksum: 10c0/1697e07cb1068055dbe9fe858d242368ff5d2073639e652b75a7eb1f2a1a8d4afd404d719de23c7b48481a6aa0040686310e2dac2f53d776daa2176d3f96369c
  languageName: node
  linkType: hard

"pump@npm:^3.0.0":
  version: 3.0.2
  resolution: "pump@npm:3.0.2"
  dependencies:
    end-of-stream: "npm:^1.1.0"
    once: "npm:^1.3.1"
  checksum: 10c0/5ad655cb2a7738b4bcf6406b24ad0970d680649d996b55ad20d1be8e0c02394034e4c45ff7cd105d87f1e9b96a0e3d06fd28e11fae8875da26e7f7a8e2c9726f
  languageName: node
  linkType: hard

"rc@npm:^1.2.7":
  version: 1.2.8
  resolution: "rc@npm:1.2.8"
  dependencies:
    deep-extend: "npm:^0.6.0"
    ini: "npm:~1.3.0"
    minimist: "npm:^1.2.0"
    strip-json-comments: "npm:~2.0.1"
  bin:
    rc: ./cli.js
  checksum: 10c0/24a07653150f0d9ac7168e52943cc3cb4b7a22c0e43c7dff3219977c2fdca5a2760a304a029c20811a0e79d351f57d46c9bde216193a0f73978496afc2b85b15
  languageName: node
  linkType: hard

"readable-stream@npm:^2.0.0, readable-stream@npm:^2.0.2, readable-stream@npm:^2.1.4":
  version: 2.3.8
  resolution: "readable-stream@npm:2.3.8"
  dependencies:
    core-util-is: "npm:~1.0.0"
    inherits: "npm:~2.0.3"
    isarray: "npm:~1.0.0"
    process-nextick-args: "npm:~2.0.0"
    safe-buffer: "npm:~5.1.1"
    string_decoder: "npm:~1.1.1"
    util-deprecate: "npm:~1.0.1"
  checksum: 10c0/7efdb01f3853bc35ac62ea25493567bf588773213f5f4a79f9c365e1ad13bab845ac0dae7bc946270dc40c3929483228415e92a3fc600cc7e4548992f41ee3fa
  languageName: node
  linkType: hard

"readable-stream@npm:^3.1.1, readable-stream@npm:^3.4.0, readable-stream@npm:^3.6.0":
  version: 3.6.2
  resolution: "readable-stream@npm:3.6.2"
  dependencies:
    inherits: "npm:^2.0.3"
    string_decoder: "npm:^1.1.1"
    util-deprecate: "npm:^1.0.1"
  checksum: 10c0/e37be5c79c376fdd088a45fa31ea2e423e5d48854be7a22a58869b4e84d25047b193f6acb54f1012331e1bcd667ffb569c01b99d36b0bd59658fb33f513511b7
  languageName: node
  linkType: hard

"require-directory@npm:^2.1.1":
  version: 2.1.1
  resolution: "require-directory@npm:2.1.1"
  checksum: 10c0/83aa76a7bc1531f68d92c75a2ca2f54f1b01463cb566cf3fbc787d0de8be30c9dbc211d1d46be3497dac5785fe296f2dd11d531945ac29730643357978966e99
  languageName: node
  linkType: hard

"resolve@npm:^1.22.10":
  version: 1.22.10
  resolution: "resolve@npm:1.22.10"
  dependencies:
    is-core-module: "npm:^2.16.0"
    path-parse: "npm:^1.0.7"
    supports-preserve-symlinks-flag: "npm:^1.0.0"
  bin:
    resolve: bin/resolve
  checksum: 10c0/8967e1f4e2cc40f79b7e080b4582b9a8c5ee36ffb46041dccb20e6461161adf69f843b43067b4a375de926a2cd669157e29a29578191def399dd5ef89a1b5203
  languageName: node
  linkType: hard

"resolve@patch:resolve@npm%3A^1.22.10#optional!builtin<compat/resolve>":
  version: 1.22.10
  resolution: "resolve@patch:resolve@npm%3A1.22.10#optional!builtin<compat/resolve>::version=1.22.10&hash=c3c19d"
  dependencies:
    is-core-module: "npm:^2.16.0"
    path-parse: "npm:^1.0.7"
    supports-preserve-symlinks-flag: "npm:^1.0.0"
  bin:
    resolve: bin/resolve
  checksum: 10c0/52a4e505bbfc7925ac8f4cd91fd8c4e096b6a89728b9f46861d3b405ac9a1ccf4dcbf8befb4e89a2e11370dacd0160918163885cbc669369590f2f31f4c58939
  languageName: node
  linkType: hard

"safe-buffer@npm:^5.0.1, safe-buffer@npm:~5.2.0":
  version: 5.2.1
  resolution: "safe-buffer@npm:5.2.1"
  checksum: 10c0/6501914237c0a86e9675d4e51d89ca3c21ffd6a31642efeba25ad65720bce6921c9e7e974e5be91a786b25aa058b5303285d3c15dbabf983a919f5f630d349f3
  languageName: node
  linkType: hard

"safe-buffer@npm:~5.1.0, safe-buffer@npm:~5.1.1":
  version: 5.1.2
  resolution: "safe-buffer@npm:5.1.2"
  checksum: 10c0/780ba6b5d99cc9a40f7b951d47152297d0e260f0df01472a1b99d4889679a4b94a13d644f7dbc4f022572f09ae9005fa2fbb93bbbd83643316f365a3e9a45b21
  languageName: node
  linkType: hard

"semver@npm:^7.3.5":
  version: 7.7.2
  resolution: "semver@npm:7.7.2"
  bin:
    semver: bin/semver.js
  checksum: 10c0/aca305edfbf2383c22571cb7714f48cadc7ac95371b4b52362fb8eeffdfbc0de0669368b82b2b15978f8848f01d7114da65697e56cd8c37b0dab8c58e543f9ea
  languageName: node
  linkType: hard

"simple-concat@npm:^1.0.0":
  version: 1.0.1
  resolution: "simple-concat@npm:1.0.1"
  checksum: 10c0/62f7508e674414008910b5397c1811941d457dfa0db4fd5aa7fa0409eb02c3609608dfcd7508cace75b3a0bf67a2a77990711e32cd213d2c76f4fd12ee86d776
  languageName: node
  linkType: hard

"simple-get@npm:^4.0.0":
  version: 4.0.1
  resolution: "simple-get@npm:4.0.1"
  dependencies:
    decompress-response: "npm:^6.0.0"
    once: "npm:^1.3.1"
    simple-concat: "npm:^1.0.0"
  checksum: 10c0/b0649a581dbca741babb960423248899203165769747142033479a7dc5e77d7b0fced0253c731cd57cf21e31e4d77c9157c3069f4448d558ebc96cf9e1eebcf0
  languageName: node
  linkType: hard

"stream-meter@npm:^1.0.4":
  version: 1.0.4
  resolution: "stream-meter@npm:1.0.4"
  dependencies:
    readable-stream: "npm:^2.1.4"
  checksum: 10c0/8a94876b60562c37b5914415a68389b8d10f4c0f92be78e366a79088952357105ab4b17bb40dea0e9bb009c97801a30d83a5e7a211f7553f2c5990af7e117788
  languageName: node
  linkType: hard

"string-width@npm:^4.1.0, string-width@npm:^4.2.0":
  version: 4.2.3
  resolution: "string-width@npm:4.2.3"
  dependencies:
    emoji-regex: "npm:^8.0.0"
    is-fullwidth-code-point: "npm:^3.0.0"
    strip-ansi: "npm:^6.0.1"
  checksum: 10c0/1e525e92e5eae0afd7454086eed9c818ee84374bb80328fc41217ae72ff5f065ef1c9d7f72da41de40c75fa8bb3dee63d92373fd492c84260a552c636392a47b
  languageName: node
  linkType: hard

"string_decoder@npm:^1.1.1":
  version: 1.3.0
  resolution: "string_decoder@npm:1.3.0"
  dependencies:
    safe-buffer: "npm:~5.2.0"
  checksum: 10c0/810614ddb030e271cd591935dcd5956b2410dd079d64ff92a1844d6b7588bf992b3e1b69b0f4d34a3e06e0bd73046ac646b5264c1987b20d0601f81ef35d731d
  languageName: node
  linkType: hard

"string_decoder@npm:~1.1.1":
  version: 1.1.1
  resolution: "string_decoder@npm:1.1.1"
  dependencies:
    safe-buffer: "npm:~5.1.0"
  checksum: 10c0/b4f89f3a92fd101b5653ca3c99550e07bdf9e13b35037e9e2a1c7b47cec4e55e06ff3fc468e314a0b5e80bfbaf65c1ca5a84978764884ae9413bec1fc6ca924e
  languageName: node
  linkType: hard

"strip-ansi@npm:^6.0.0, strip-ansi@npm:^6.0.1":
  version: 6.0.1
  resolution: "strip-ansi@npm:6.0.1"
  dependencies:
    ansi-regex: "npm:^5.0.1"
  checksum: 10c0/1ae5f212a126fe5b167707f716942490e3933085a5ff6c008ab97ab2f272c8025d3aa218b7bd6ab25729ca20cc81cddb252102f8751e13482a5199e873680952
  languageName: node
  linkType: hard

"strip-json-comments@npm:~2.0.1":
  version: 2.0.1
  resolution: "strip-json-comments@npm:2.0.1"
  checksum: 10c0/b509231cbdee45064ff4f9fd73609e2bcc4e84a4d508e9dd0f31f70356473fde18abfb5838c17d56fb236f5a06b102ef115438de0600b749e818a35fbbc48c43
  languageName: node
  linkType: hard

"supports-preserve-symlinks-flag@npm:^1.0.0":
  version: 1.0.0
  resolution: "supports-preserve-symlinks-flag@npm:1.0.0"
  checksum: 10c0/6c4032340701a9950865f7ae8ef38578d8d7053f5e10518076e6554a9381fa91bd9c6850193695c141f32b21f979c985db07265a758867bac95de05f7d8aeb39
  languageName: node
  linkType: hard

"tar-fs@npm:^2.0.0, tar-fs@npm:^2.1.1":
  version: 2.1.2
  resolution: "tar-fs@npm:2.1.2"
  dependencies:
    chownr: "npm:^1.1.1"
    mkdirp-classic: "npm:^0.5.2"
    pump: "npm:^3.0.0"
    tar-stream: "npm:^2.1.4"
  checksum: 10c0/9c704bd4a53be7565caf34ed001d1428532457fe3546d8fc1233f0f0882c3d2403f8602e8046e0b0adeb31fe95336572a69fb28851a391523126b697537670fc
  languageName: node
  linkType: hard

"tar-stream@npm:^2.1.4":
  version: 2.2.0
  resolution: "tar-stream@npm:2.2.0"
  dependencies:
    bl: "npm:^4.0.3"
    end-of-stream: "npm:^1.4.1"
    fs-constants: "npm:^1.0.0"
    inherits: "npm:^2.0.3"
    readable-stream: "npm:^3.1.1"
  checksum: 10c0/2f4c910b3ee7196502e1ff015a7ba321ec6ea837667220d7bcb8d0852d51cb04b87f7ae471008a6fb8f5b1a1b5078f62f3a82d30c706f20ada1238ac797e7692
  languageName: node
  linkType: hard

"tar@npm:^7.4.3":
  version: 7.4.3
  resolution: "tar@npm:7.4.3"
  dependencies:
    "@isaacs/fs-minipass": "npm:^4.0.0"
    chownr: "npm:^3.0.0"
    minipass: "npm:^7.1.2"
    minizlib: "npm:^3.0.1"
    mkdirp: "npm:^3.0.1"
    yallist: "npm:^5.0.0"
  checksum: 10c0/d4679609bb2a9b48eeaf84632b6d844128d2412b95b6de07d53d8ee8baf4ca0857c9331dfa510390a0727b550fd543d4d1a10995ad86cdf078423fbb8d99831d
  languageName: node
  linkType: hard

"tinyglobby@npm:^0.2.11":
  version: 0.2.13
  resolution: "tinyglobby@npm:0.2.13"
  dependencies:
    fdir: "npm:^6.4.4"
    picomatch: "npm:^4.0.2"
  checksum: 10c0/ef07dfaa7b26936601d3f6d999f7928a4d1c6234c5eb36896bb88681947c0d459b7ebe797022400e555fe4b894db06e922b95d0ce60cb05fd827a0a66326b18c
  languageName: node
  linkType: hard

"tr46@npm:~0.0.3":
  version: 0.0.3
  resolution: "tr46@npm:0.0.3"
  checksum: 10c0/047cb209a6b60c742f05c9d3ace8fa510bff609995c129a37ace03476a9b12db4dbf975e74600830ef0796e18882b2381fb5fb1f6b4f96b832c374de3ab91a11
  languageName: node
  linkType: hard

"tunnel-agent@npm:^0.6.0":
  version: 0.6.0
  resolution: "tunnel-agent@npm:0.6.0"
  dependencies:
    safe-buffer: "npm:^5.0.1"
  checksum: 10c0/4c7a1b813e7beae66fdbf567a65ec6d46313643753d0beefb3c7973d66fcec3a1e7f39759f0a0b4465883499c6dc8b0750ab8b287399af2e583823e40410a17a
  languageName: node
  linkType: hard

"universalify@npm:^2.0.0":
  version: 2.0.1
  resolution: "universalify@npm:2.0.1"
  checksum: 10c0/73e8ee3809041ca8b818efb141801a1004e3fc0002727f1531f4de613ea281b494a40909596dae4a042a4fb6cd385af5d4db2e137b1362e0e91384b828effd3a
  languageName: node
  linkType: hard

"unzipper@npm:^0.12.3":
  version: 0.12.3
  resolution: "unzipper@npm:0.12.3"
  dependencies:
    bluebird: "npm:~3.7.2"
    duplexer2: "npm:~0.1.4"
    fs-extra: "npm:^11.2.0"
    graceful-fs: "npm:^4.2.2"
    node-int64: "npm:^0.4.0"
  checksum: 10c0/4cae2ad23bfd47011d5f8a6d61fb1dc0e4b5008bc3896e6f3d5ab946a64e9482714992a988128bce541440aa646e16e5e5c9bf35e49097edbaf833e7f814d36d
  languageName: node
  linkType: hard

"util-deprecate@npm:^1.0.1, util-deprecate@npm:~1.0.1":
  version: 1.0.2
  resolution: "util-deprecate@npm:1.0.2"
  checksum: 10c0/41a5bdd214df2f6c3ecf8622745e4a366c4adced864bc3c833739791aeeeb1838119af7daed4ba36428114b5c67dcda034a79c882e97e43c03e66a4dd7389942
  languageName: node
  linkType: hard

"v2@workspace:.":
  version: 0.0.0-use.local
  resolution: "v2@workspace:."
  dependencies:
    lodash: "npm:lodash@^4.17.15"
    pkg: "npm:@yao-pkg/pkg@^6.4.1"
  languageName: unknown
  linkType: soft

"webidl-conversions@npm:^3.0.0":
  version: 3.0.1
  resolution: "webidl-conversions@npm:3.0.1"
  checksum: 10c0/5612d5f3e54760a797052eb4927f0ddc01383550f542ccd33d5238cfd65aeed392a45ad38364970d0a0f4fea32e1f4d231b3d8dac4a3bdd385e5cf802ae097db
  languageName: node
  linkType: hard

"whatwg-url@npm:^5.0.0":
  version: 5.0.0
  resolution: "whatwg-url@npm:5.0.0"
  dependencies:
    tr46: "npm:~0.0.3"
    webidl-conversions: "npm:^3.0.0"
  checksum: 10c0/1588bed84d10b72d5eec1d0faa0722ba1962f1821e7539c535558fb5398d223b0c50d8acab950b8c488b4ba69043fd833cc2697056b167d8ad46fac3995a55d5
  languageName: node
  linkType: hard

"wrap-ansi@npm:^7.0.0":
  version: 7.0.0
  resolution: "wrap-ansi@npm:7.0.0"
  dependencies:
    ansi-styles: "npm:^4.0.0"
    string-width: "npm:^4.1.0"
    strip-ansi: "npm:^6.0.0"
  checksum: 10c0/d15fc12c11e4cbc4044a552129ebc75ee3f57aa9c1958373a4db0292d72282f54373b536103987a4a7594db1ef6a4f10acf92978f79b98c49306a4b58c77d4da
  languageName: node
  linkType: hard

"wrappy@npm:1":
  version: 1.0.2
  resolution: "wrappy@npm:1.0.2"
  checksum: 10c0/56fece1a4018c6a6c8e28fbc88c87e0fbf4ea8fd64fc6c63b18f4acc4bd13e0ad2515189786dd2c30d3eec9663d70f4ecf699330002f8ccb547e4a18231fc9f0
  languageName: node
  linkType: hard

"y18n@npm:^5.0.5":
  version: 5.0.8
  resolution: "y18n@npm:5.0.8"
  checksum: 10c0/4df2842c36e468590c3691c894bc9cdbac41f520566e76e24f59401ba7d8b4811eb1e34524d57e54bc6d864bcb66baab7ffd9ca42bf1eda596618f9162b91249
  languageName: node
  linkType: hard

"yallist@npm:^5.0.0":
  version: 5.0.0
  resolution: "yallist@npm:5.0.0"
  checksum: 10c0/a499c81ce6d4a1d260d4ea0f6d49ab4da09681e32c3f0472dee16667ed69d01dae63a3b81745a24bd78476ec4fcf856114cb4896ace738e01da34b2c42235416
  languageName: node
  linkType: hard

"yargs-parser@npm:^20.2.2":
  version: 20.2.9
  resolution: "yargs-parser@npm:20.2.9"
  checksum: 10c0/0685a8e58bbfb57fab6aefe03c6da904a59769bd803a722bb098bd5b0f29d274a1357762c7258fb487512811b8063fb5d2824a3415a0a4540598335b3b086c72
  languageName: node
  linkType: hard

"yargs@npm:^16.2.0":
  version: 16.2.0
  resolution: "yargs@npm:16.2.0"
  dependencies:
    cliui: "npm:^7.0.2"
    escalade: "npm:^3.1.1"
    get-caller-file: "npm:^2.0.5"
    require-directory: "npm:^2.1.1"
    string-width: "npm:^4.2.0"
    y18n: "npm:^5.0.5"
    yargs-parser: "npm:^20.2.2"
  checksum: 10c0/b1dbfefa679848442454b60053a6c95d62f2d2e21dd28def92b647587f415969173c6e99a0f3bab4f1b67ee8283bf735ebe3544013f09491186ba9e8a9a2b651
  languageName: node
  linkType: hard
