GEM
  remote: http://rubygems.org/
  specs:
    crass (1.0.4)
    lynx (0.4.0)
    mini_portile2 (2.3.0)
    nokogiri (1.8.5)
      mini_portile2 (~> 2.3.0)
    nokogumbo (1.5.0)
      nokogiri
    sanitize (4.6.2)
      crass (~> 1.0.2)
      nokogiri (>= 1.4.4)
      nokogumbo (~> 1.4)
    yard (0.8.0)

PLATFORMS
  ruby

DEPENDENCIES
  lynx (= 0.4.0)
  sanitize (= 4.6.2)
  yard (= 0.8.0)

BUNDLED WITH
   1.16.5
